// !$*UTF8*$!
{
	archiveVersion = 1;
	classes = {
	};
	objectVersion = 48;
	objects = {

/* Begin PBXBuildFile section */
		149FF84D1F362B83000A5D96 /* AppDelegate.swift in Sources */ = {isa = PBXBuildFile; fileRef = 149FF84C1F362B83000A5D96 /* AppDelegate.swift */; };
		149FF84F1F362B83000A5D96 /* ViewController.swift in Sources */ = {isa = PBXBuildFile; fileRef = 149FF84E1F362B83000A5D96 /* ViewController.swift */; };
		149FF8521F362B83000A5D96 /* Main.storyboard in Resources */ = {isa = PBXBuildFile; fileRef = 149FF8501F362B83000A5D96 /* Main.storyboard */; };
		149FF8541F362B83000A5D96 /* Assets.xcassets in Resources */ = {isa = PBXBuildFile; fileRef = 149FF8531F362B83000A5D96 /* Assets.xcassets */; };
		149FF8571F362B83000A5D96 /* LaunchScreen.storyboard in Resources */ = {isa = PBXBuildFile; fileRef = 149FF8551F362B83000A5D96 /* LaunchScreen.storyboard */; };
		149FF8651F362BBC000A5D96 /* AppDelegate.swift in Sources */ = {isa = PBXBuildFile; fileRef = 149FF8641F362BBC000A5D96 /* AppDelegate.swift */; };
		149FF8671F362BBC000A5D96 /* ViewController.swift in Sources */ = {isa = PBXBuildFile; fileRef = 149FF8661F362BBC000A5D96 /* ViewController.swift */; };
		149FF86A1F362BBC000A5D96 /* Main.storyboard in Resources */ = {isa = PBXBuildFile; fileRef = 149FF8681F362BBC000A5D96 /* Main.storyboard */; };
		149FF86C1F362BBC000A5D96 /* Assets.xcassets in Resources */ = {isa = PBXBuildFile; fileRef = 149FF86B1F362BBC000A5D96 /* Assets.xcassets */; };
		149FF86F1F362BBC000A5D96 /* LaunchScreen.storyboard in Resources */ = {isa = PBXBuildFile; fileRef = 149FF86D1F362BBC000A5D96 /* LaunchScreen.storyboard */; };
		149FF87B1F362BE4000A5D96 /* AppDelegate.swift in Sources */ = {isa = PBXBuildFile; fileRef = 149FF87A1F362BE4000A5D96 /* AppDelegate.swift */; };
		149FF87D1F362BE4000A5D96 /* ViewController.swift in Sources */ = {isa = PBXBuildFile; fileRef = 149FF87C1F362BE4000A5D96 /* ViewController.swift */; };
		149FF8801F362BE4000A5D96 /* Main.storyboard in Resources */ = {isa = PBXBuildFile; fileRef = 149FF87E1F362BE4000A5D96 /* Main.storyboard */; };
		149FF8821F362BE4000A5D96 /* Assets.xcassets in Resources */ = {isa = PBXBuildFile; fileRef = 149FF8811F362BE4000A5D96 /* Assets.xcassets */; };
		149FF8851F362BE4000A5D96 /* LaunchScreen.storyboard in Resources */ = {isa = PBXBuildFile; fileRef = 149FF8831F362BE4000A5D96 /* LaunchScreen.storyboard */; };
		149FF8911F362BF1000A5D96 /* WikiRacesScreenshots.swift in Sources */ = {isa = PBXBuildFile; fileRef = 149FF8901F362BF1000A5D96 /* WikiRacesScreenshots.swift */; };
		14C4AB291F3689890086B77F /* CenteredTableViewController.swift in Sources */ = {isa = PBXBuildFile; fileRef = 14C4AB281F3689890086B77F /* CenteredTableViewController.swift */; };
		14C4AB2A1F3689890086B77F /* CenteredTableViewController.swift in Sources */ = {isa = PBXBuildFile; fileRef = 14C4AB281F3689890086B77F /* CenteredTableViewController.swift */; };
		14C4AB2B1F3689890086B77F /* CenteredTableViewController.swift in Sources */ = {isa = PBXBuildFile; fileRef = 14C4AB281F3689890086B77F /* CenteredTableViewController.swift */; };
		14C4AB2D1F3689900086B77F /* ResultsViewController.swift in Sources */ = {isa = PBXBuildFile; fileRef = 14C4AB2C1F3689900086B77F /* ResultsViewController.swift */; };
		14C4AB2E1F3689900086B77F /* ResultsViewController.swift in Sources */ = {isa = PBXBuildFile; fileRef = 14C4AB2C1F3689900086B77F /* ResultsViewController.swift */; };
		14C4AB2F1F3689900086B77F /* ResultsViewController.swift in Sources */ = {isa = PBXBuildFile; fileRef = 14C4AB2C1F3689900086B77F /* ResultsViewController.swift */; };
		14C4AB311F36899B0086B77F /* ResultsViewController+TableView.swift in Sources */ = {isa = PBXBuildFile; fileRef = 14C4AB301F36899B0086B77F /* ResultsViewController+TableView.swift */; };
		14C4AB321F36899B0086B77F /* ResultsViewController+TableView.swift in Sources */ = {isa = PBXBuildFile; fileRef = 14C4AB301F36899B0086B77F /* ResultsViewController+TableView.swift */; };
		14C4AB331F36899B0086B77F /* ResultsViewController+TableView.swift in Sources */ = {isa = PBXBuildFile; fileRef = 14C4AB301F36899B0086B77F /* ResultsViewController+TableView.swift */; };
		14C4AB351F3689A40086B77F /* ResultsTableViewCell.swift in Sources */ = {isa = PBXBuildFile; fileRef = 14C4AB341F3689A40086B77F /* ResultsTableViewCell.swift */; };
		14C4AB361F3689A40086B77F /* ResultsTableViewCell.swift in Sources */ = {isa = PBXBuildFile; fileRef = 14C4AB341F3689A40086B77F /* ResultsTableViewCell.swift */; };
		14C4AB371F3689A40086B77F /* ResultsTableViewCell.swift in Sources */ = {isa = PBXBuildFile; fileRef = 14C4AB341F3689A40086B77F /* ResultsTableViewCell.swift */; };
		14C4AB391F3689A90086B77F /* MenuTile.swift in Sources */ = {isa = PBXBuildFile; fileRef = 14C4AB381F3689A90086B77F /* MenuTile.swift */; };
		14C4AB3A1F3689A90086B77F /* MenuTile.swift in Sources */ = {isa = PBXBuildFile; fileRef = 14C4AB381F3689A90086B77F /* MenuTile.swift */; };
		14C4AB3B1F3689A90086B77F /* MenuTile.swift in Sources */ = {isa = PBXBuildFile; fileRef = 14C4AB381F3689A90086B77F /* MenuTile.swift */; };
		14C4AB3D1F3689AE0086B77F /* MenuViewController.swift in Sources */ = {isa = PBXBuildFile; fileRef = 14C4AB3C1F3689AE0086B77F /* MenuViewController.swift */; };
		14C4AB3E1F3689AE0086B77F /* MenuViewController.swift in Sources */ = {isa = PBXBuildFile; fileRef = 14C4AB3C1F3689AE0086B77F /* MenuViewController.swift */; };
		14C4AB3F1F3689AE0086B77F /* MenuViewController.swift in Sources */ = {isa = PBXBuildFile; fileRef = 14C4AB3C1F3689AE0086B77F /* MenuViewController.swift */; };
		14C4AB411F3689B50086B77F /* MenuViewController+UI.swift in Sources */ = {isa = PBXBuildFile; fileRef = 14C4AB401F3689B50086B77F /* MenuViewController+UI.swift */; };
		14C4AB421F3689B50086B77F /* MenuViewController+UI.swift in Sources */ = {isa = PBXBuildFile; fileRef = 14C4AB401F3689B50086B77F /* MenuViewController+UI.swift */; };
		14C4AB431F3689B50086B77F /* MenuViewController+UI.swift in Sources */ = {isa = PBXBuildFile; fileRef = 14C4AB401F3689B50086B77F /* MenuViewController+UI.swift */; };
		14C4AB451F3689BE0086B77F /* MenuViewController+MPC.swift in Sources */ = {isa = PBXBuildFile; fileRef = 14C4AB441F3689BE0086B77F /* MenuViewController+MPC.swift */; };
		14C4AB461F3689BE0086B77F /* MenuViewController+MPC.swift in Sources */ = {isa = PBXBuildFile; fileRef = 14C4AB441F3689BE0086B77F /* MenuViewController+MPC.swift */; };
		14C4AB471F3689BE0086B77F /* MenuViewController+MPC.swift in Sources */ = {isa = PBXBuildFile; fileRef = 14C4AB441F3689BE0086B77F /* MenuViewController+MPC.swift */; };
		14C4AB491F3689C60086B77F /* VotingViewController.swift in Sources */ = {isa = PBXBuildFile; fileRef = 14C4AB481F3689C60086B77F /* VotingViewController.swift */; };
		14C4AB4A1F3689C60086B77F /* VotingViewController.swift in Sources */ = {isa = PBXBuildFile; fileRef = 14C4AB481F3689C60086B77F /* VotingViewController.swift */; };
		14C4AB4B1F3689C60086B77F /* VotingViewController.swift in Sources */ = {isa = PBXBuildFile; fileRef = 14C4AB481F3689C60086B77F /* VotingViewController.swift */; };
		14C4AB511F3689E20086B77F /* VotingViewController+TableView.swift in Sources */ = {isa = PBXBuildFile; fileRef = 14C4AB501F3689E20086B77F /* VotingViewController+TableView.swift */; };
		14C4AB521F3689E20086B77F /* VotingViewController+TableView.swift in Sources */ = {isa = PBXBuildFile; fileRef = 14C4AB501F3689E20086B77F /* VotingViewController+TableView.swift */; };
		14C4AB531F3689E20086B77F /* VotingViewController+TableView.swift in Sources */ = {isa = PBXBuildFile; fileRef = 14C4AB501F3689E20086B77F /* VotingViewController+TableView.swift */; };
		14C4AB551F3689FE0086B77F /* HistoryTableViewCell.swift in Sources */ = {isa = PBXBuildFile; fileRef = 14C4AB541F3689FE0086B77F /* HistoryTableViewCell.swift */; };
		14C4AB561F3689FE0086B77F /* HistoryTableViewCell.swift in Sources */ = {isa = PBXBuildFile; fileRef = 14C4AB541F3689FE0086B77F /* HistoryTableViewCell.swift */; };
		14C4AB571F3689FE0086B77F /* HistoryTableViewCell.swift in Sources */ = {isa = PBXBuildFile; fileRef = 14C4AB541F3689FE0086B77F /* HistoryTableViewCell.swift */; };
		14C4AB591F368A050086B77F /* HistoryViewController.swift in Sources */ = {isa = PBXBuildFile; fileRef = 14C4AB581F368A050086B77F /* HistoryViewController.swift */; };
		14C4AB5A1F368A050086B77F /* HistoryViewController.swift in Sources */ = {isa = PBXBuildFile; fileRef = 14C4AB581F368A050086B77F /* HistoryViewController.swift */; };
		14C4AB5B1F368A050086B77F /* HistoryViewController.swift in Sources */ = {isa = PBXBuildFile; fileRef = 14C4AB581F368A050086B77F /* HistoryViewController.swift */; };
		14C4AB5D1F368A0C0086B77F /* GameViewController.swift in Sources */ = {isa = PBXBuildFile; fileRef = 14C4AB5C1F368A0C0086B77F /* GameViewController.swift */; };
		14C4AB5E1F368A0C0086B77F /* GameViewController.swift in Sources */ = {isa = PBXBuildFile; fileRef = 14C4AB5C1F368A0C0086B77F /* GameViewController.swift */; };
		14C4AB5F1F368A0C0086B77F /* GameViewController.swift in Sources */ = {isa = PBXBuildFile; fileRef = 14C4AB5C1F368A0C0086B77F /* GameViewController.swift */; };
		14C4AB611F368A170086B77F /* GameViewController+Manager.swift in Sources */ = {isa = PBXBuildFile; fileRef = 14C4AB601F368A170086B77F /* GameViewController+Manager.swift */; };
		14C4AB621F368A170086B77F /* GameViewController+Manager.swift in Sources */ = {isa = PBXBuildFile; fileRef = 14C4AB601F368A170086B77F /* GameViewController+Manager.swift */; };
		14C4AB631F368A170086B77F /* GameViewController+Manager.swift in Sources */ = {isa = PBXBuildFile; fileRef = 14C4AB601F368A170086B77F /* GameViewController+Manager.swift */; };
		14C4AB651F368A210086B77F /* GameViewController+UI.swift in Sources */ = {isa = PBXBuildFile; fileRef = 14C4AB641F368A210086B77F /* GameViewController+UI.swift */; };
		14C4AB661F368A210086B77F /* GameViewController+UI.swift in Sources */ = {isa = PBXBuildFile; fileRef = 14C4AB641F368A210086B77F /* GameViewController+UI.swift */; };
		14C4AB671F368A210086B77F /* GameViewController+UI.swift in Sources */ = {isa = PBXBuildFile; fileRef = 14C4AB641F368A210086B77F /* GameViewController+UI.swift */; };
		14C4AB691F368A270086B77F /* PlayersViewController.swift in Sources */ = {isa = PBXBuildFile; fileRef = 14C4AB681F368A270086B77F /* PlayersViewController.swift */; };
		14C4AB6A1F368A270086B77F /* PlayersViewController.swift in Sources */ = {isa = PBXBuildFile; fileRef = 14C4AB681F368A270086B77F /* PlayersViewController.swift */; };
		14C4AB6B1F368A270086B77F /* PlayersViewController.swift in Sources */ = {isa = PBXBuildFile; fileRef = 14C4AB681F368A270086B77F /* PlayersViewController.swift */; };
		14C4AB6D1F368A300086B77F /* PlayersViewController+UI.swift in Sources */ = {isa = PBXBuildFile; fileRef = 14C4AB6C1F368A300086B77F /* PlayersViewController+UI.swift */; };
		14C4AB6E1F368A300086B77F /* PlayersViewController+UI.swift in Sources */ = {isa = PBXBuildFile; fileRef = 14C4AB6C1F368A300086B77F /* PlayersViewController+UI.swift */; };
		14C4AB6F1F368A300086B77F /* PlayersViewController+UI.swift in Sources */ = {isa = PBXBuildFile; fileRef = 14C4AB6C1F368A300086B77F /* PlayersViewController+UI.swift */; };
		14C4AB711F368A3C0086B77F /* PlayersViewController+TableView.swift in Sources */ = {isa = PBXBuildFile; fileRef = 14C4AB701F368A3C0086B77F /* PlayersViewController+TableView.swift */; };
		14C4AB721F368A3C0086B77F /* PlayersViewController+TableView.swift in Sources */ = {isa = PBXBuildFile; fileRef = 14C4AB701F368A3C0086B77F /* PlayersViewController+TableView.swift */; };
		14C4AB731F368A3C0086B77F /* PlayersViewController+TableView.swift in Sources */ = {isa = PBXBuildFile; fileRef = 14C4AB701F368A3C0086B77F /* PlayersViewController+TableView.swift */; };
		14C4AB751F368A4A0086B77F /* FooterButtonTableViewCell.swift in Sources */ = {isa = PBXBuildFile; fileRef = 14C4AB741F368A4A0086B77F /* FooterButtonTableViewCell.swift */; };
		14C4AB761F368A4A0086B77F /* FooterButtonTableViewCell.swift in Sources */ = {isa = PBXBuildFile; fileRef = 14C4AB741F368A4A0086B77F /* FooterButtonTableViewCell.swift */; };
		14C4AB771F368A4A0086B77F /* FooterButtonTableViewCell.swift in Sources */ = {isa = PBXBuildFile; fileRef = 14C4AB741F368A4A0086B77F /* FooterButtonTableViewCell.swift */; };
		14C4AB791F368A540086B77F /* PlayerStateTableViewCell.swift in Sources */ = {isa = PBXBuildFile; fileRef = 14C4AB781F368A540086B77F /* PlayerStateTableViewCell.swift */; };
		14C4AB7A1F368A540086B77F /* PlayerStateTableViewCell.swift in Sources */ = {isa = PBXBuildFile; fileRef = 14C4AB781F368A540086B77F /* PlayerStateTableViewCell.swift */; };
		14C4AB7B1F368A540086B77F /* PlayerStateTableViewCell.swift in Sources */ = {isa = PBXBuildFile; fileRef = 14C4AB781F368A540086B77F /* PlayerStateTableViewCell.swift */; };
		14C4AB7D1F368A5A0086B77F /* DurationFormatter.swift in Sources */ = {isa = PBXBuildFile; fileRef = 14C4AB7C1F368A5A0086B77F /* DurationFormatter.swift */; };
		14C4AB7E1F368A5A0086B77F /* DurationFormatter.swift in Sources */ = {isa = PBXBuildFile; fileRef = 14C4AB7C1F368A5A0086B77F /* DurationFormatter.swift */; };
		14C4AB7F1F368A5A0086B77F /* DurationFormatter.swift in Sources */ = {isa = PBXBuildFile; fileRef = 14C4AB7C1F368A5A0086B77F /* DurationFormatter.swift */; };
		14C4AB811F368A630086B77F /* _Extensions.swift in Sources */ = {isa = PBXBuildFile; fileRef = 14C4AB801F368A630086B77F /* _Extensions.swift */; };
		14C4AB821F368A630086B77F /* _Extensions.swift in Sources */ = {isa = PBXBuildFile; fileRef = 14C4AB801F368A630086B77F /* _Extensions.swift */; };
		14C4AB831F368A630086B77F /* _Extensions.swift in Sources */ = {isa = PBXBuildFile; fileRef = 14C4AB801F368A630086B77F /* _Extensions.swift */; };
		14C4AB851F368AED0086B77F /* VotingTableViewCell.swift in Sources */ = {isa = PBXBuildFile; fileRef = 14C4AB841F368AED0086B77F /* VotingTableViewCell.swift */; };
		14C4AB861F368AED0086B77F /* VotingTableViewCell.swift in Sources */ = {isa = PBXBuildFile; fileRef = 14C4AB841F368AED0086B77F /* VotingTableViewCell.swift */; };
		14C4AB871F368AED0086B77F /* VotingTableViewCell.swift in Sources */ = {isa = PBXBuildFile; fileRef = 14C4AB841F368AED0086B77F /* VotingTableViewCell.swift */; };
/* End PBXBuildFile section */

/* Begin PBXContainerItemProxy section */
		149FF8931F362BF1000A5D96 /* PBXContainerItemProxy */ = {
			isa = PBXContainerItemProxy;
			containerPortal = 149FF8411F362B83000A5D96 /* Project object */;
			proxyType = 1;
			remoteGlobalIDString = 149FF8481F362B83000A5D96;
			remoteInfo = WikiRaces;
		};
/* End PBXContainerItemProxy section */

/* Begin PBXFileReference section */
		149FF8491F362B83000A5D96 /* WikiRaces.app */ = {isa = PBXFileReference; explicitFileType = wrapper.application; includeInIndex = 0; path = WikiRaces.app; sourceTree = BUILT_PRODUCTS_DIR; };
		149FF84C1F362B83000A5D96 /* AppDelegate.swift */ = {isa = PBXFileReference; lastKnownFileType = sourcecode.swift; path = AppDelegate.swift; sourceTree = "<group>"; };
		149FF84E1F362B83000A5D96 /* ViewController.swift */ = {isa = PBXFileReference; lastKnownFileType = sourcecode.swift; path = ViewController.swift; sourceTree = "<group>"; };
		149FF8511F362B83000A5D96 /* Base */ = {isa = PBXFileReference; lastKnownFileType = file.storyboard; name = Base; path = Base.lproj/Main.storyboard; sourceTree = "<group>"; };
		149FF8531F362B83000A5D96 /* Assets.xcassets */ = {isa = PBXFileReference; lastKnownFileType = folder.assetcatalog; path = Assets.xcassets; sourceTree = "<group>"; };
		149FF8561F362B83000A5D96 /* Base */ = {isa = PBXFileReference; lastKnownFileType = file.storyboard; name = Base; path = Base.lproj/LaunchScreen.storyboard; sourceTree = "<group>"; };
		149FF8581F362B83000A5D96 /* Info.plist */ = {isa = PBXFileReference; lastKnownFileType = text.plist.xml; path = Info.plist; sourceTree = "<group>"; };
		149FF8621F362BBC000A5D96 /* WikiRaces (UI Catalog).app */ = {isa = PBXFileReference; explicitFileType = wrapper.application; includeInIndex = 0; path = "WikiRaces (UI Catalog).app"; sourceTree = BUILT_PRODUCTS_DIR; };
		149FF8641F362BBC000A5D96 /* AppDelegate.swift */ = {isa = PBXFileReference; lastKnownFileType = sourcecode.swift; path = AppDelegate.swift; sourceTree = "<group>"; };
		149FF8661F362BBC000A5D96 /* ViewController.swift */ = {isa = PBXFileReference; lastKnownFileType = sourcecode.swift; path = ViewController.swift; sourceTree = "<group>"; };
		149FF8691F362BBC000A5D96 /* Base */ = {isa = PBXFileReference; lastKnownFileType = file.storyboard; name = Base; path = Base.lproj/Main.storyboard; sourceTree = "<group>"; };
		149FF86B1F362BBC000A5D96 /* Assets.xcassets */ = {isa = PBXFileReference; lastKnownFileType = folder.assetcatalog; path = Assets.xcassets; sourceTree = "<group>"; };
		149FF86E1F362BBC000A5D96 /* Base */ = {isa = PBXFileReference; lastKnownFileType = file.storyboard; name = Base; path = Base.lproj/LaunchScreen.storyboard; sourceTree = "<group>"; };
		149FF8701F362BBC000A5D96 /* Info.plist */ = {isa = PBXFileReference; lastKnownFileType = text.plist.xml; path = Info.plist; sourceTree = "<group>"; };
		149FF8781F362BE4000A5D96 /* WikiRaces (Multi-Window).app */ = {isa = PBXFileReference; explicitFileType = wrapper.application; includeInIndex = 0; path = "WikiRaces (Multi-Window).app"; sourceTree = BUILT_PRODUCTS_DIR; };
		149FF87A1F362BE4000A5D96 /* AppDelegate.swift */ = {isa = PBXFileReference; lastKnownFileType = sourcecode.swift; path = AppDelegate.swift; sourceTree = "<group>"; };
		149FF87C1F362BE4000A5D96 /* ViewController.swift */ = {isa = PBXFileReference; lastKnownFileType = sourcecode.swift; path = ViewController.swift; sourceTree = "<group>"; };
		149FF87F1F362BE4000A5D96 /* Base */ = {isa = PBXFileReference; lastKnownFileType = file.storyboard; name = Base; path = Base.lproj/Main.storyboard; sourceTree = "<group>"; };
		149FF8811F362BE4000A5D96 /* Assets.xcassets */ = {isa = PBXFileReference; lastKnownFileType = folder.assetcatalog; path = Assets.xcassets; sourceTree = "<group>"; };
		149FF8841F362BE4000A5D96 /* Base */ = {isa = PBXFileReference; lastKnownFileType = file.storyboard; name = Base; path = Base.lproj/LaunchScreen.storyboard; sourceTree = "<group>"; };
		149FF8861F362BE4000A5D96 /* Info.plist */ = {isa = PBXFileReference; lastKnownFileType = text.plist.xml; path = Info.plist; sourceTree = "<group>"; };
		149FF88E1F362BF1000A5D96 /* WikiRacesScreenshots.xctest */ = {isa = PBXFileReference; explicitFileType = wrapper.cfbundle; includeInIndex = 0; path = WikiRacesScreenshots.xctest; sourceTree = BUILT_PRODUCTS_DIR; };
		149FF8901F362BF1000A5D96 /* WikiRacesScreenshots.swift */ = {isa = PBXFileReference; lastKnownFileType = sourcecode.swift; path = WikiRacesScreenshots.swift; sourceTree = "<group>"; };
		149FF8921F362BF1000A5D96 /* Info.plist */ = {isa = PBXFileReference; lastKnownFileType = text.plist.xml; path = Info.plist; sourceTree = "<group>"; };
		14C4AB281F3689890086B77F /* CenteredTableViewController.swift */ = {isa = PBXFileReference; lastKnownFileType = sourcecode.swift; path = CenteredTableViewController.swift; sourceTree = "<group>"; };
		14C4AB2C1F3689900086B77F /* ResultsViewController.swift */ = {isa = PBXFileReference; lastKnownFileType = sourcecode.swift; path = ResultsViewController.swift; sourceTree = "<group>"; };
		14C4AB301F36899B0086B77F /* ResultsViewController+TableView.swift */ = {isa = PBXFileReference; lastKnownFileType = sourcecode.swift; path = "ResultsViewController+TableView.swift"; sourceTree = "<group>"; };
		14C4AB341F3689A40086B77F /* ResultsTableViewCell.swift */ = {isa = PBXFileReference; lastKnownFileType = sourcecode.swift; path = ResultsTableViewCell.swift; sourceTree = "<group>"; };
		14C4AB381F3689A90086B77F /* MenuTile.swift */ = {isa = PBXFileReference; lastKnownFileType = sourcecode.swift; path = MenuTile.swift; sourceTree = "<group>"; };
		14C4AB3C1F3689AE0086B77F /* MenuViewController.swift */ = {isa = PBXFileReference; lastKnownFileType = sourcecode.swift; path = MenuViewController.swift; sourceTree = "<group>"; };
		14C4AB401F3689B50086B77F /* MenuViewController+UI.swift */ = {isa = PBXFileReference; lastKnownFileType = sourcecode.swift; path = "MenuViewController+UI.swift"; sourceTree = "<group>"; };
		14C4AB441F3689BE0086B77F /* MenuViewController+MPC.swift */ = {isa = PBXFileReference; lastKnownFileType = sourcecode.swift; path = "MenuViewController+MPC.swift"; sourceTree = "<group>"; };
		14C4AB481F3689C60086B77F /* VotingViewController.swift */ = {isa = PBXFileReference; lastKnownFileType = sourcecode.swift; path = VotingViewController.swift; sourceTree = "<group>"; };
		14C4AB501F3689E20086B77F /* VotingViewController+TableView.swift */ = {isa = PBXFileReference; lastKnownFileType = sourcecode.swift; path = "VotingViewController+TableView.swift"; sourceTree = "<group>"; };
		14C4AB541F3689FE0086B77F /* HistoryTableViewCell.swift */ = {isa = PBXFileReference; lastKnownFileType = sourcecode.swift; path = HistoryTableViewCell.swift; sourceTree = "<group>"; };
		14C4AB581F368A050086B77F /* HistoryViewController.swift */ = {isa = PBXFileReference; lastKnownFileType = sourcecode.swift; path = HistoryViewController.swift; sourceTree = "<group>"; };
		14C4AB5C1F368A0C0086B77F /* GameViewController.swift */ = {isa = PBXFileReference; lastKnownFileType = sourcecode.swift; path = GameViewController.swift; sourceTree = "<group>"; };
		14C4AB601F368A170086B77F /* GameViewController+Manager.swift */ = {isa = PBXFileReference; lastKnownFileType = sourcecode.swift; path = "GameViewController+Manager.swift"; sourceTree = "<group>"; };
		14C4AB641F368A210086B77F /* GameViewController+UI.swift */ = {isa = PBXFileReference; lastKnownFileType = sourcecode.swift; path = "GameViewController+UI.swift"; sourceTree = "<group>"; };
		14C4AB681F368A270086B77F /* PlayersViewController.swift */ = {isa = PBXFileReference; lastKnownFileType = sourcecode.swift; path = PlayersViewController.swift; sourceTree = "<group>"; };
		14C4AB6C1F368A300086B77F /* PlayersViewController+UI.swift */ = {isa = PBXFileReference; lastKnownFileType = sourcecode.swift; path = "PlayersViewController+UI.swift"; sourceTree = "<group>"; };
		14C4AB701F368A3C0086B77F /* PlayersViewController+TableView.swift */ = {isa = PBXFileReference; lastKnownFileType = sourcecode.swift; path = "PlayersViewController+TableView.swift"; sourceTree = "<group>"; };
		14C4AB741F368A4A0086B77F /* FooterButtonTableViewCell.swift */ = {isa = PBXFileReference; lastKnownFileType = sourcecode.swift; path = FooterButtonTableViewCell.swift; sourceTree = "<group>"; };
		14C4AB781F368A540086B77F /* PlayerStateTableViewCell.swift */ = {isa = PBXFileReference; lastKnownFileType = sourcecode.swift; path = PlayerStateTableViewCell.swift; sourceTree = "<group>"; };
		14C4AB7C1F368A5A0086B77F /* DurationFormatter.swift */ = {isa = PBXFileReference; lastKnownFileType = sourcecode.swift; path = DurationFormatter.swift; sourceTree = "<group>"; };
		14C4AB801F368A630086B77F /* _Extensions.swift */ = {isa = PBXFileReference; lastKnownFileType = sourcecode.swift; path = _Extensions.swift; sourceTree = "<group>"; };
		14C4AB841F368AED0086B77F /* VotingTableViewCell.swift */ = {isa = PBXFileReference; lastKnownFileType = sourcecode.swift; path = VotingTableViewCell.swift; sourceTree = "<group>"; };
/* End PBXFileReference section */

/* Begin PBXFrameworksBuildPhase section */
		149FF8461F362B83000A5D96 /* Frameworks */ = {
			isa = PBXFrameworksBuildPhase;
			buildActionMask = 2147483647;
			files = (
			);
			runOnlyForDeploymentPostprocessing = 0;
		};
		149FF85F1F362BBC000A5D96 /* Frameworks */ = {
			isa = PBXFrameworksBuildPhase;
			buildActionMask = 2147483647;
			files = (
			);
			runOnlyForDeploymentPostprocessing = 0;
		};
		149FF8751F362BE4000A5D96 /* Frameworks */ = {
			isa = PBXFrameworksBuildPhase;
			buildActionMask = 2147483647;
			files = (
			);
			runOnlyForDeploymentPostprocessing = 0;
		};
		149FF88B1F362BF1000A5D96 /* Frameworks */ = {
			isa = PBXFrameworksBuildPhase;
			buildActionMask = 2147483647;
			files = (
			);
			runOnlyForDeploymentPostprocessing = 0;
		};
/* End PBXFrameworksBuildPhase section */

/* Begin PBXGroup section */
		149FF8401F362B83000A5D96 = {
			isa = PBXGroup;
			children = (
				14C4AB251F3689400086B77F /* Shared */,
				149FF84B1F362B83000A5D96 /* WikiRaces */,
				149FF8631F362BBC000A5D96 /* WikiRaces (UI Catalog) */,
				149FF8791F362BE4000A5D96 /* WikiRaces (Multi-Window) */,
				149FF88F1F362BF1000A5D96 /* WikiRacesScreenshots */,
				149FF84A1F362B83000A5D96 /* Products */,
			);
			sourceTree = "<group>";
		};
		149FF84A1F362B83000A5D96 /* Products */ = {
			isa = PBXGroup;
			children = (
				149FF8491F362B83000A5D96 /* WikiRaces.app */,
				149FF8621F362BBC000A5D96 /* WikiRaces (UI Catalog).app */,
				149FF8781F362BE4000A5D96 /* WikiRaces (Multi-Window).app */,
				149FF88E1F362BF1000A5D96 /* WikiRacesScreenshots.xctest */,
			);
			name = Products;
			sourceTree = "<group>";
		};
		149FF84B1F362B83000A5D96 /* WikiRaces */ = {
			isa = PBXGroup;
			children = (
				149FF84C1F362B83000A5D96 /* AppDelegate.swift */,
				149FF84E1F362B83000A5D96 /* ViewController.swift */,
				149FF8501F362B83000A5D96 /* Main.storyboard */,
				149FF8531F362B83000A5D96 /* Assets.xcassets */,
				149FF8551F362B83000A5D96 /* LaunchScreen.storyboard */,
				149FF8581F362B83000A5D96 /* Info.plist */,
			);
			path = WikiRaces;
			sourceTree = "<group>";
		};
		149FF8631F362BBC000A5D96 /* WikiRaces (UI Catalog) */ = {
			isa = PBXGroup;
			children = (
				149FF8641F362BBC000A5D96 /* AppDelegate.swift */,
				149FF8661F362BBC000A5D96 /* ViewController.swift */,
				149FF8681F362BBC000A5D96 /* Main.storyboard */,
				149FF86B1F362BBC000A5D96 /* Assets.xcassets */,
				149FF86D1F362BBC000A5D96 /* LaunchScreen.storyboard */,
				149FF8701F362BBC000A5D96 /* Info.plist */,
			);
			path = "WikiRaces (UI Catalog)";
			sourceTree = "<group>";
		};
		149FF8791F362BE4000A5D96 /* WikiRaces (Multi-Window) */ = {
			isa = PBXGroup;
			children = (
				149FF87A1F362BE4000A5D96 /* AppDelegate.swift */,
				149FF87C1F362BE4000A5D96 /* ViewController.swift */,
				149FF87E1F362BE4000A5D96 /* Main.storyboard */,
				149FF8811F362BE4000A5D96 /* Assets.xcassets */,
				149FF8831F362BE4000A5D96 /* LaunchScreen.storyboard */,
				149FF8861F362BE4000A5D96 /* Info.plist */,
			);
			path = "WikiRaces (Multi-Window)";
			sourceTree = "<group>";
		};
		149FF88F1F362BF1000A5D96 /* WikiRacesScreenshots */ = {
			isa = PBXGroup;
			children = (
				149FF8901F362BF1000A5D96 /* WikiRacesScreenshots.swift */,
				149FF8921F362BF1000A5D96 /* Info.plist */,
			);
			path = WikiRacesScreenshots;
			sourceTree = "<group>";
		};
		14C4AB251F3689400086B77F /* Shared */ = {
			isa = PBXGroup;
			children = (
				14C4AB281F3689890086B77F /* CenteredTableViewController.swift */,
				14C4AB2C1F3689900086B77F /* ResultsViewController.swift */,
				14C4AB301F36899B0086B77F /* ResultsViewController+TableView.swift */,
				14C4AB341F3689A40086B77F /* ResultsTableViewCell.swift */,
				14C4AB381F3689A90086B77F /* MenuTile.swift */,
				14C4AB3C1F3689AE0086B77F /* MenuViewController.swift */,
				14C4AB401F3689B50086B77F /* MenuViewController+UI.swift */,
				14C4AB441F3689BE0086B77F /* MenuViewController+MPC.swift */,
				14C4AB541F3689FE0086B77F /* HistoryTableViewCell.swift */,
				14C4AB581F368A050086B77F /* HistoryViewController.swift */,
				14C4AB481F3689C60086B77F /* VotingViewController.swift */,
				14C4AB501F3689E20086B77F /* VotingViewController+TableView.swift */,
				14C4AB841F368AED0086B77F /* VotingTableViewCell.swift */,
				14C4AB5C1F368A0C0086B77F /* GameViewController.swift */,
				14C4AB601F368A170086B77F /* GameViewController+Manager.swift */,
				14C4AB641F368A210086B77F /* GameViewController+UI.swift */,
				14C4AB681F368A270086B77F /* PlayersViewController.swift */,
				14C4AB6C1F368A300086B77F /* PlayersViewController+UI.swift */,
				14C4AB701F368A3C0086B77F /* PlayersViewController+TableView.swift */,
				14C4AB741F368A4A0086B77F /* FooterButtonTableViewCell.swift */,
				14C4AB781F368A540086B77F /* PlayerStateTableViewCell.swift */,
				14C4AB7C1F368A5A0086B77F /* DurationFormatter.swift */,
				14C4AB801F368A630086B77F /* _Extensions.swift */,
			);
			path = Shared;
			sourceTree = "<group>";
		};
/* End PBXGroup section */

/* Begin PBXNativeTarget section */
		149FF8481F362B83000A5D96 /* WikiRaces */ = {
			isa = PBXNativeTarget;
			buildConfigurationList = 149FF85B1F362B83000A5D96 /* Build configuration list for PBXNativeTarget "WikiRaces" */;
			buildPhases = (
				149FF8451F362B83000A5D96 /* Sources */,
				149FF8461F362B83000A5D96 /* Frameworks */,
				149FF8471F362B83000A5D96 /* Resources */,
			);
			buildRules = (
			);
			dependencies = (
			);
			name = WikiRaces;
			productName = WikiRaces;
			productReference = 149FF8491F362B83000A5D96 /* WikiRaces.app */;
			productType = "com.apple.product-type.application";
		};
		149FF8611F362BBC000A5D96 /* WikiRaces (UI Catalog) */ = {
			isa = PBXNativeTarget;
			buildConfigurationList = 149FF8711F362BBC000A5D96 /* Build configuration list for PBXNativeTarget "WikiRaces (UI Catalog)" */;
			buildPhases = (
				149FF85E1F362BBC000A5D96 /* Sources */,
				149FF85F1F362BBC000A5D96 /* Frameworks */,
				149FF8601F362BBC000A5D96 /* Resources */,
			);
			buildRules = (
			);
			dependencies = (
			);
			name = "WikiRaces (UI Catalog)";
			productName = "WikiRaces (UI Catalog)";
			productReference = 149FF8621F362BBC000A5D96 /* WikiRaces (UI Catalog).app */;
			productType = "com.apple.product-type.application";
		};
		149FF8771F362BE4000A5D96 /* WikiRaces (Multi-Window) */ = {
			isa = PBXNativeTarget;
			buildConfigurationList = 149FF8871F362BE4000A5D96 /* Build configuration list for PBXNativeTarget "WikiRaces (Multi-Window)" */;
			buildPhases = (
				149FF8741F362BE4000A5D96 /* Sources */,
				149FF8751F362BE4000A5D96 /* Frameworks */,
				149FF8761F362BE4000A5D96 /* Resources */,
			);
			buildRules = (
			);
			dependencies = (
			);
			name = "WikiRaces (Multi-Window)";
			productName = "WikiRaces (Multi-Window)";
			productReference = 149FF8781F362BE4000A5D96 /* WikiRaces (Multi-Window).app */;
			productType = "com.apple.product-type.application";
		};
		149FF88D1F362BF1000A5D96 /* WikiRacesScreenshots */ = {
			isa = PBXNativeTarget;
			buildConfigurationList = 149FF8951F362BF1000A5D96 /* Build configuration list for PBXNativeTarget "WikiRacesScreenshots" */;
			buildPhases = (
				149FF88A1F362BF1000A5D96 /* Sources */,
				149FF88B1F362BF1000A5D96 /* Frameworks */,
				149FF88C1F362BF1000A5D96 /* Resources */,
			);
			buildRules = (
			);
			dependencies = (
				149FF8941F362BF1000A5D96 /* PBXTargetDependency */,
			);
			name = WikiRacesScreenshots;
			productName = WikiRacesScreenshots;
			productReference = 149FF88E1F362BF1000A5D96 /* WikiRacesScreenshots.xctest */;
			productType = "com.apple.product-type.bundle.ui-testing";
		};
/* End PBXNativeTarget section */

/* Begin PBXProject section */
		149FF8411F362B83000A5D96 /* Project object */ = {
			isa = PBXProject;
			attributes = {
				LastSwiftUpdateCheck = 0900;
				LastUpgradeCheck = 0900;
				ORGANIZATIONNAME = "Andrew Finke";
				TargetAttributes = {
					149FF8481F362B83000A5D96 = {
						CreatedOnToolsVersion = 9.0;
					};
					149FF8611F362BBC000A5D96 = {
						CreatedOnToolsVersion = 9.0;
					};
					149FF8771F362BE4000A5D96 = {
						CreatedOnToolsVersion = 9.0;
					};
					149FF88D1F362BF1000A5D96 = {
						CreatedOnToolsVersion = 9.0;
						TestTargetID = 149FF8481F362B83000A5D96;
					};
				};
			};
			buildConfigurationList = 149FF8441F362B83000A5D96 /* Build configuration list for PBXProject "WikiRaces" */;
			compatibilityVersion = "Xcode 8.0";
			developmentRegion = en;
			hasScannedForEncodings = 0;
			knownRegions = (
				en,
				Base,
			);
			mainGroup = 149FF8401F362B83000A5D96;
			productRefGroup = 149FF84A1F362B83000A5D96 /* Products */;
			projectDirPath = "";
			projectRoot = "";
			targets = (
				149FF8481F362B83000A5D96 /* WikiRaces */,
				149FF8611F362BBC000A5D96 /* WikiRaces (UI Catalog) */,
				149FF8771F362BE4000A5D96 /* WikiRaces (Multi-Window) */,
				149FF88D1F362BF1000A5D96 /* WikiRacesScreenshots */,
			);
		};
/* End PBXProject section */

/* Begin PBXResourcesBuildPhase section */
		149FF8471F362B83000A5D96 /* Resources */ = {
			isa = PBXResourcesBuildPhase;
			buildActionMask = 2147483647;
			files = (
				149FF8571F362B83000A5D96 /* LaunchScreen.storyboard in Resources */,
				149FF8541F362B83000A5D96 /* Assets.xcassets in Resources */,
				149FF8521F362B83000A5D96 /* Main.storyboard in Resources */,
			);
			runOnlyForDeploymentPostprocessing = 0;
		};
		149FF8601F362BBC000A5D96 /* Resources */ = {
			isa = PBXResourcesBuildPhase;
			buildActionMask = 2147483647;
			files = (
				149FF86F1F362BBC000A5D96 /* LaunchScreen.storyboard in Resources */,
				149FF86C1F362BBC000A5D96 /* Assets.xcassets in Resources */,
				149FF86A1F362BBC000A5D96 /* Main.storyboard in Resources */,
			);
			runOnlyForDeploymentPostprocessing = 0;
		};
		149FF8761F362BE4000A5D96 /* Resources */ = {
			isa = PBXResourcesBuildPhase;
			buildActionMask = 2147483647;
			files = (
				149FF8851F362BE4000A5D96 /* LaunchScreen.storyboard in Resources */,
				149FF8821F362BE4000A5D96 /* Assets.xcassets in Resources */,
				149FF8801F362BE4000A5D96 /* Main.storyboard in Resources */,
			);
			runOnlyForDeploymentPostprocessing = 0;
		};
		149FF88C1F362BF1000A5D96 /* Resources */ = {
			isa = PBXResourcesBuildPhase;
			buildActionMask = 2147483647;
			files = (
			);
			runOnlyForDeploymentPostprocessing = 0;
		};
/* End PBXResourcesBuildPhase section */

/* Begin PBXSourcesBuildPhase section */
		149FF8451F362B83000A5D96 /* Sources */ = {
			isa = PBXSourcesBuildPhase;
			buildActionMask = 2147483647;
			files = (
				14C4AB291F3689890086B77F /* CenteredTableViewController.swift in Sources */,
				14C4AB711F368A3C0086B77F /* PlayersViewController+TableView.swift in Sources */,
				14C4AB311F36899B0086B77F /* ResultsViewController+TableView.swift in Sources */,
				14C4AB551F3689FE0086B77F /* HistoryTableViewCell.swift in Sources */,
				14C4AB511F3689E20086B77F /* VotingViewController+TableView.swift in Sources */,
				14C4AB611F368A170086B77F /* GameViewController+Manager.swift in Sources */,
				14C4AB351F3689A40086B77F /* ResultsTableViewCell.swift in Sources */,
				14C4AB591F368A050086B77F /* HistoryViewController.swift in Sources */,
				149FF84F1F362B83000A5D96 /* ViewController.swift in Sources */,
				14C4AB451F3689BE0086B77F /* MenuViewController+MPC.swift in Sources */,
				14C4AB7D1F368A5A0086B77F /* DurationFormatter.swift in Sources */,
				14C4AB811F368A630086B77F /* _Extensions.swift in Sources */,
				14C4AB851F368AED0086B77F /* VotingTableViewCell.swift in Sources */,
				14C4AB391F3689A90086B77F /* MenuTile.swift in Sources */,
				149FF84D1F362B83000A5D96 /* AppDelegate.swift in Sources */,
				14C4AB5D1F368A0C0086B77F /* GameViewController.swift in Sources */,
				14C4AB651F368A210086B77F /* GameViewController+UI.swift in Sources */,
				14C4AB2D1F3689900086B77F /* ResultsViewController.swift in Sources */,
				14C4AB491F3689C60086B77F /* VotingViewController.swift in Sources */,
				14C4AB791F368A540086B77F /* PlayerStateTableViewCell.swift in Sources */,
				14C4AB6D1F368A300086B77F /* PlayersViewController+UI.swift in Sources */,
				14C4AB751F368A4A0086B77F /* FooterButtonTableViewCell.swift in Sources */,
				14C4AB3D1F3689AE0086B77F /* MenuViewController.swift in Sources */,
				14C4AB411F3689B50086B77F /* MenuViewController+UI.swift in Sources */,
				14C4AB691F368A270086B77F /* PlayersViewController.swift in Sources */,
			);
			runOnlyForDeploymentPostprocessing = 0;
		};
		149FF85E1F362BBC000A5D96 /* Sources */ = {
			isa = PBXSourcesBuildPhase;
			buildActionMask = 2147483647;
			files = (
				14C4AB2A1F3689890086B77F /* CenteredTableViewController.swift in Sources */,
				14C4AB721F368A3C0086B77F /* PlayersViewController+TableView.swift in Sources */,
				14C4AB321F36899B0086B77F /* ResultsViewController+TableView.swift in Sources */,
				14C4AB561F3689FE0086B77F /* HistoryTableViewCell.swift in Sources */,
				14C4AB521F3689E20086B77F /* VotingViewController+TableView.swift in Sources */,
				14C4AB621F368A170086B77F /* GameViewController+Manager.swift in Sources */,
				14C4AB361F3689A40086B77F /* ResultsTableViewCell.swift in Sources */,
				14C4AB5A1F368A050086B77F /* HistoryViewController.swift in Sources */,
				149FF8671F362BBC000A5D96 /* ViewController.swift in Sources */,
				14C4AB461F3689BE0086B77F /* MenuViewController+MPC.swift in Sources */,
				14C4AB7E1F368A5A0086B77F /* DurationFormatter.swift in Sources */,
				14C4AB821F368A630086B77F /* _Extensions.swift in Sources */,
				14C4AB861F368AED0086B77F /* VotingTableViewCell.swift in Sources */,
				14C4AB3A1F3689A90086B77F /* MenuTile.swift in Sources */,
				149FF8651F362BBC000A5D96 /* AppDelegate.swift in Sources */,
				14C4AB5E1F368A0C0086B77F /* GameViewController.swift in Sources */,
				14C4AB661F368A210086B77F /* GameViewController+UI.swift in Sources */,
				14C4AB2E1F3689900086B77F /* ResultsViewController.swift in Sources */,
				14C4AB4A1F3689C60086B77F /* VotingViewController.swift in Sources */,
				14C4AB7A1F368A540086B77F /* PlayerStateTableViewCell.swift in Sources */,
				14C4AB6E1F368A300086B77F /* PlayersViewController+UI.swift in Sources */,
				14C4AB761F368A4A0086B77F /* FooterButtonTableViewCell.swift in Sources */,
				14C4AB3E1F3689AE0086B77F /* MenuViewController.swift in Sources */,
				14C4AB421F3689B50086B77F /* MenuViewController+UI.swift in Sources */,
				14C4AB6A1F368A270086B77F /* PlayersViewController.swift in Sources */,
			);
			runOnlyForDeploymentPostprocessing = 0;
		};
		149FF8741F362BE4000A5D96 /* Sources */ = {
			isa = PBXSourcesBuildPhase;
			buildActionMask = 2147483647;
			files = (
				14C4AB2B1F3689890086B77F /* CenteredTableViewController.swift in Sources */,
				14C4AB731F368A3C0086B77F /* PlayersViewController+TableView.swift in Sources */,
				14C4AB331F36899B0086B77F /* ResultsViewController+TableView.swift in Sources */,
				14C4AB571F3689FE0086B77F /* HistoryTableViewCell.swift in Sources */,
				14C4AB531F3689E20086B77F /* VotingViewController+TableView.swift in Sources */,
				14C4AB631F368A170086B77F /* GameViewController+Manager.swift in Sources */,
				14C4AB371F3689A40086B77F /* ResultsTableViewCell.swift in Sources */,
				14C4AB5B1F368A050086B77F /* HistoryViewController.swift in Sources */,
				149FF87D1F362BE4000A5D96 /* ViewController.swift in Sources */,
				14C4AB471F3689BE0086B77F /* MenuViewController+MPC.swift in Sources */,
				14C4AB7F1F368A5A0086B77F /* DurationFormatter.swift in Sources */,
				14C4AB831F368A630086B77F /* _Extensions.swift in Sources */,
				14C4AB871F368AED0086B77F /* VotingTableViewCell.swift in Sources */,
				14C4AB3B1F3689A90086B77F /* MenuTile.swift in Sources */,
				149FF87B1F362BE4000A5D96 /* AppDelegate.swift in Sources */,
				14C4AB5F1F368A0C0086B77F /* GameViewController.swift in Sources */,
				14C4AB671F368A210086B77F /* GameViewController+UI.swift in Sources */,
				14C4AB2F1F3689900086B77F /* ResultsViewController.swift in Sources */,
				14C4AB4B1F3689C60086B77F /* VotingViewController.swift in Sources */,
				14C4AB7B1F368A540086B77F /* PlayerStateTableViewCell.swift in Sources */,
				14C4AB6F1F368A300086B77F /* PlayersViewController+UI.swift in Sources */,
				14C4AB771F368A4A0086B77F /* FooterButtonTableViewCell.swift in Sources */,
				14C4AB3F1F3689AE0086B77F /* MenuViewController.swift in Sources */,
				14C4AB431F3689B50086B77F /* MenuViewController+UI.swift in Sources */,
				14C4AB6B1F368A270086B77F /* PlayersViewController.swift in Sources */,
			);
			runOnlyForDeploymentPostprocessing = 0;
		};
		149FF88A1F362BF1000A5D96 /* Sources */ = {
			isa = PBXSourcesBuildPhase;
			buildActionMask = 2147483647;
			files = (
				149FF8911F362BF1000A5D96 /* WikiRacesScreenshots.swift in Sources */,
			);
			runOnlyForDeploymentPostprocessing = 0;
		};
/* End PBXSourcesBuildPhase section */

/* Begin PBXTargetDependency section */
		149FF8941F362BF1000A5D96 /* PBXTargetDependency */ = {
			isa = PBXTargetDependency;
			target = 149FF8481F362B83000A5D96 /* WikiRaces */;
			targetProxy = 149FF8931F362BF1000A5D96 /* PBXContainerItemProxy */;
		};
/* End PBXTargetDependency section */

/* Begin PBXVariantGroup section */
		149FF8501F362B83000A5D96 /* Main.storyboard */ = {
			isa = PBXVariantGroup;
			children = (
				149FF8511F362B83000A5D96 /* Base */,
			);
			name = Main.storyboard;
			sourceTree = "<group>";
		};
		149FF8551F362B83000A5D96 /* LaunchScreen.storyboard */ = {
			isa = PBXVariantGroup;
			children = (
				149FF8561F362B83000A5D96 /* Base */,
			);
			name = LaunchScreen.storyboard;
			sourceTree = "<group>";
		};
		149FF8681F362BBC000A5D96 /* Main.storyboard */ = {
			isa = PBXVariantGroup;
			children = (
				149FF8691F362BBC000A5D96 /* Base */,
			);
			name = Main.storyboard;
			sourceTree = "<group>";
		};
		149FF86D1F362BBC000A5D96 /* LaunchScreen.storyboard */ = {
			isa = PBXVariantGroup;
			children = (
				149FF86E1F362BBC000A5D96 /* Base */,
			);
			name = LaunchScreen.storyboard;
			sourceTree = "<group>";
		};
		149FF87E1F362BE4000A5D96 /* Main.storyboard */ = {
			isa = PBXVariantGroup;
			children = (
				149FF87F1F362BE4000A5D96 /* Base */,
			);
			name = Main.storyboard;
			sourceTree = "<group>";
		};
		149FF8831F362BE4000A5D96 /* LaunchScreen.storyboard */ = {
			isa = PBXVariantGroup;
			children = (
				149FF8841F362BE4000A5D96 /* Base */,
			);
			name = LaunchScreen.storyboard;
			sourceTree = "<group>";
		};
/* End PBXVariantGroup section */

/* Begin XCBuildConfiguration section */
		149FF8591F362B83000A5D96 /* Debug */ = {
			isa = XCBuildConfiguration;
			buildSettings = {
				ALWAYS_SEARCH_USER_PATHS = NO;
				CLANG_ANALYZER_NONNULL = YES;
				CLANG_ANALYZER_NUMBER_OBJECT_CONVERSION = YES_AGGRESSIVE;
				CLANG_CXX_LANGUAGE_STANDARD = "gnu++14";
				CLANG_CXX_LIBRARY = "libc++";
				CLANG_ENABLE_MODULES = YES;
				CLANG_ENABLE_OBJC_ARC = YES;
				CLANG_WARN_BLOCK_CAPTURE_AUTORELEASING = YES;
				CLANG_WARN_BOOL_CONVERSION = YES;
				CLANG_WARN_COMMA = YES;
				CLANG_WARN_CONSTANT_CONVERSION = YES;
				CLANG_WARN_DIRECT_OBJC_ISA_USAGE = YES_ERROR;
				CLANG_WARN_DOCUMENTATION_COMMENTS = YES;
				CLANG_WARN_EMPTY_BODY = YES;
				CLANG_WARN_ENUM_CONVERSION = YES;
				CLANG_WARN_INFINITE_RECURSION = YES;
				CLANG_WARN_INT_CONVERSION = YES;
				CLANG_WARN_NON_LITERAL_NULL_CONVERSION = YES;
				CLANG_WARN_OBJC_LITERAL_CONVERSION = YES;
				CLANG_WARN_OBJC_ROOT_CLASS = YES_ERROR;
				CLANG_WARN_RANGE_LOOP_ANALYSIS = YES;
				CLANG_WARN_STRICT_PROTOTYPES = YES;
				CLANG_WARN_SUSPICIOUS_MOVE = YES;
				CLANG_WARN_UNGUARDED_AVAILABILITY = YES_AGGRESSIVE;
				CLANG_WARN_UNREACHABLE_CODE = YES;
				CLANG_WARN__DUPLICATE_METHOD_MATCH = YES;
				CODE_SIGN_IDENTITY = "iPhone Developer";
				COPY_PHASE_STRIP = NO;
				DEBUG_INFORMATION_FORMAT = dwarf;
				ENABLE_STRICT_OBJC_MSGSEND = YES;
				ENABLE_TESTABILITY = YES;
				GCC_C_LANGUAGE_STANDARD = gnu11;
				GCC_DYNAMIC_NO_PIC = NO;
				GCC_NO_COMMON_BLOCKS = YES;
				GCC_OPTIMIZATION_LEVEL = 0;
				GCC_PREPROCESSOR_DEFINITIONS = (
					"DEBUG=1",
					"$(inherited)",
				);
				GCC_WARN_64_TO_32_BIT_CONVERSION = YES;
				GCC_WARN_ABOUT_RETURN_TYPE = YES_ERROR;
				GCC_WARN_UNDECLARED_SELECTOR = YES;
				GCC_WARN_UNINITIALIZED_AUTOS = YES_AGGRESSIVE;
				GCC_WARN_UNUSED_FUNCTION = YES;
				GCC_WARN_UNUSED_VARIABLE = YES;
				IPHONEOS_DEPLOYMENT_TARGET = 11.0;
				MTL_ENABLE_DEBUG_INFO = YES;
				ONLY_ACTIVE_ARCH = YES;
				SDKROOT = iphoneos;
				SWIFT_ACTIVE_COMPILATION_CONDITIONS = DEBUG;
				SWIFT_OPTIMIZATION_LEVEL = "-Onone";
			};
			name = Debug;
		};
		149FF85A1F362B83000A5D96 /* Release */ = {
			isa = XCBuildConfiguration;
			buildSettings = {
				ALWAYS_SEARCH_USER_PATHS = NO;
				CLANG_ANALYZER_NONNULL = YES;
				CLANG_ANALYZER_NUMBER_OBJECT_CONVERSION = YES_AGGRESSIVE;
				CLANG_CXX_LANGUAGE_STANDARD = "gnu++14";
				CLANG_CXX_LIBRARY = "libc++";
				CLANG_ENABLE_MODULES = YES;
				CLANG_ENABLE_OBJC_ARC = YES;
				CLANG_WARN_BLOCK_CAPTURE_AUTORELEASING = YES;
				CLANG_WARN_BOOL_CONVERSION = YES;
				CLANG_WARN_COMMA = YES;
				CLANG_WARN_CONSTANT_CONVERSION = YES;
				CLANG_WARN_DIRECT_OBJC_ISA_USAGE = YES_ERROR;
				CLANG_WARN_DOCUMENTATION_COMMENTS = YES;
				CLANG_WARN_EMPTY_BODY = YES;
				CLANG_WARN_ENUM_CONVERSION = YES;
				CLANG_WARN_INFINITE_RECURSION = YES;
				CLANG_WARN_INT_CONVERSION = YES;
				CLANG_WARN_NON_LITERAL_NULL_CONVERSION = YES;
				CLANG_WARN_OBJC_LITERAL_CONVERSION = YES;
				CLANG_WARN_OBJC_ROOT_CLASS = YES_ERROR;
				CLANG_WARN_RANGE_LOOP_ANALYSIS = YES;
				CLANG_WARN_STRICT_PROTOTYPES = YES;
				CLANG_WARN_SUSPICIOUS_MOVE = YES;
				CLANG_WARN_UNGUARDED_AVAILABILITY = YES_AGGRESSIVE;
				CLANG_WARN_UNREACHABLE_CODE = YES;
				CLANG_WARN__DUPLICATE_METHOD_MATCH = YES;
				CODE_SIGN_IDENTITY = "iPhone Developer";
				COPY_PHASE_STRIP = NO;
				DEBUG_INFORMATION_FORMAT = "dwarf-with-dsym";
				ENABLE_NS_ASSERTIONS = NO;
				ENABLE_STRICT_OBJC_MSGSEND = YES;
				GCC_C_LANGUAGE_STANDARD = gnu11;
				GCC_NO_COMMON_BLOCKS = YES;
				GCC_WARN_64_TO_32_BIT_CONVERSION = YES;
				GCC_WARN_ABOUT_RETURN_TYPE = YES_ERROR;
				GCC_WARN_UNDECLARED_SELECTOR = YES;
				GCC_WARN_UNINITIALIZED_AUTOS = YES_AGGRESSIVE;
				GCC_WARN_UNUSED_FUNCTION = YES;
				GCC_WARN_UNUSED_VARIABLE = YES;
				IPHONEOS_DEPLOYMENT_TARGET = 11.0;
				MTL_ENABLE_DEBUG_INFO = NO;
				SDKROOT = iphoneos;
				SWIFT_OPTIMIZATION_LEVEL = "-Owholemodule";
				VALIDATE_PRODUCT = YES;
			};
			name = Release;
		};
		149FF85C1F362B83000A5D96 /* Debug */ = {
			isa = XCBuildConfiguration;
			buildSettings = {
				ASSETCATALOG_COMPILER_APPICON_NAME = AppIcon;
				DEVELOPMENT_TEAM = 72S993BNAV;
				INFOPLIST_FILE = WikiRaces/Info.plist;
				IPHONEOS_DEPLOYMENT_TARGET = 10.0;
				LD_RUNPATH_SEARCH_PATHS = "$(inherited) @executable_path/Frameworks";
				PRODUCT_BUNDLE_IDENTIFIER = com.andrewfinke.WikiRaces;
				PRODUCT_NAME = "$(TARGET_NAME)";
				SWIFT_VERSION = 4.0;
				TARGETED_DEVICE_FAMILY = "1,2";
			};
			name = Debug;
		};
		149FF85D1F362B83000A5D96 /* Release */ = {
			isa = XCBuildConfiguration;
			buildSettings = {
				ASSETCATALOG_COMPILER_APPICON_NAME = AppIcon;
				DEVELOPMENT_TEAM = 72S993BNAV;
				INFOPLIST_FILE = WikiRaces/Info.plist;
				IPHONEOS_DEPLOYMENT_TARGET = 10.0;
				LD_RUNPATH_SEARCH_PATHS = "$(inherited) @executable_path/Frameworks";
				PRODUCT_BUNDLE_IDENTIFIER = com.andrewfinke.WikiRaces;
				PRODUCT_NAME = "$(TARGET_NAME)";
				SWIFT_VERSION = 4.0;
				TARGETED_DEVICE_FAMILY = "1,2";
			};
			name = Release;
		};
		149FF8721F362BBC000A5D96 /* Debug */ = {
			isa = XCBuildConfiguration;
			buildSettings = {
				ASSETCATALOG_COMPILER_APPICON_NAME = AppIcon;
				DEVELOPMENT_TEAM = 72S993BNAV;
				INFOPLIST_FILE = "WikiRaces (UI Catalog)/Info.plist";
				IPHONEOS_DEPLOYMENT_TARGET = 10.0;
				LD_RUNPATH_SEARCH_PATHS = "$(inherited) @executable_path/Frameworks";
				PRODUCT_BUNDLE_IDENTIFIER = "com.andrewfinke.WikiRaces--UI-Catalog-";
				PRODUCT_NAME = "$(TARGET_NAME)";
				SWIFT_VERSION = 4.0;
				TARGETED_DEVICE_FAMILY = "1,2";
			};
			name = Debug;
		};
		149FF8731F362BBC000A5D96 /* Release */ = {
			isa = XCBuildConfiguration;
			buildSettings = {
				ASSETCATALOG_COMPILER_APPICON_NAME = AppIcon;
				DEVELOPMENT_TEAM = 72S993BNAV;
				INFOPLIST_FILE = "WikiRaces (UI Catalog)/Info.plist";
				IPHONEOS_DEPLOYMENT_TARGET = 10.0;
				LD_RUNPATH_SEARCH_PATHS = "$(inherited) @executable_path/Frameworks";
				PRODUCT_BUNDLE_IDENTIFIER = "com.andrewfinke.WikiRaces--UI-Catalog-";
				PRODUCT_NAME = "$(TARGET_NAME)";
				SWIFT_VERSION = 4.0;
				TARGETED_DEVICE_FAMILY = "1,2";
			};
			name = Release;
		};
		149FF8881F362BE4000A5D96 /* Debug */ = {
			isa = XCBuildConfiguration;
			buildSettings = {
				ASSETCATALOG_COMPILER_APPICON_NAME = AppIcon;
				DEVELOPMENT_TEAM = 72S993BNAV;
				INFOPLIST_FILE = "WikiRaces (Multi-Window)/Info.plist";
				IPHONEOS_DEPLOYMENT_TARGET = 10.0;
				LD_RUNPATH_SEARCH_PATHS = "$(inherited) @executable_path/Frameworks";
				PRODUCT_BUNDLE_IDENTIFIER = "com.andrewfinke.WikiRaces--Multi-Window-";
				PRODUCT_NAME = "$(TARGET_NAME)";
				SWIFT_VERSION = 4.0;
				TARGETED_DEVICE_FAMILY = "1,2";
			};
			name = Debug;
		};
		149FF8891F362BE4000A5D96 /* Release */ = {
			isa = XCBuildConfiguration;
			buildSettings = {
				ASSETCATALOG_COMPILER_APPICON_NAME = AppIcon;
				DEVELOPMENT_TEAM = 72S993BNAV;
				INFOPLIST_FILE = "WikiRaces (Multi-Window)/Info.plist";
				IPHONEOS_DEPLOYMENT_TARGET = 10.0;
				LD_RUNPATH_SEARCH_PATHS = "$(inherited) @executable_path/Frameworks";
				PRODUCT_BUNDLE_IDENTIFIER = "com.andrewfinke.WikiRaces--Multi-Window-";
				PRODUCT_NAME = "$(TARGET_NAME)";
				SWIFT_VERSION = 4.0;
				TARGETED_DEVICE_FAMILY = "1,2";
			};
			name = Release;
		};
		149FF8961F362BF1000A5D96 /* Debug */ = {
			isa = XCBuildConfiguration;
			buildSettings = {
				DEVELOPMENT_TEAM = 72S993BNAV;
				INFOPLIST_FILE = WikiRacesScreenshots/Info.plist;
				LD_RUNPATH_SEARCH_PATHS = "$(inherited) @executable_path/Frameworks @loader_path/Frameworks";
				PRODUCT_BUNDLE_IDENTIFIER = com.andrewfinke.WikiRacesScreenshots;
				PRODUCT_NAME = "$(TARGET_NAME)";
				SWIFT_VERSION = 4.0;
				TARGETED_DEVICE_FAMILY = "1,2";
				TEST_TARGET_NAME = WikiRaces;
			};
			name = Debug;
		};
		149FF8971F362BF1000A5D96 /* Release */ = {
			isa = XCBuildConfiguration;
			buildSettings = {
				DEVELOPMENT_TEAM = 72S993BNAV;
				INFOPLIST_FILE = WikiRacesScreenshots/Info.plist;
				LD_RUNPATH_SEARCH_PATHS = "$(inherited) @executable_path/Frameworks @loader_path/Frameworks";
				PRODUCT_BUNDLE_IDENTIFIER = com.andrewfinke.WikiRacesScreenshots;
				PRODUCT_NAME = "$(TARGET_NAME)";
				SWIFT_VERSION = 4.0;
				TARGETED_DEVICE_FAMILY = "1,2";
				TEST_TARGET_NAME = WikiRaces;
			};
			name = Release;
		};
/* End XCBuildConfiguration section */

/* Begin XCConfigurationList section */
		149FF8441F362B83000A5D96 /* Build configuration list for PBXProject "WikiRaces" */ = {
			isa = XCConfigurationList;
			buildConfigurations = (
				149FF8591F362B83000A5D96 /* Debug */,
				149FF85A1F362B83000A5D96 /* Release */,
			);
			defaultConfigurationIsVisible = 0;
			defaultConfigurationName = Release;
		};
		149FF85B1F362B83000A5D96 /* Build configuration list for PBXNativeTarget "WikiRaces" */ = {
			isa = XCConfigurationList;
			buildConfigurations = (
				149FF85C1F362B83000A5D96 /* Debug */,
				149FF85D1F362B83000A5D96 /* Release */,
			);
			defaultConfigurationIsVisible = 0;
			defaultConfigurationName = Release;
		};
		149FF8711F362BBC000A5D96 /* Build configuration list for PBXNativeTarget "WikiRaces (UI Catalog)" */ = {
			isa = XCConfigurationList;
			buildConfigurations = (
				149FF8721F362BBC000A5D96 /* Debug */,
				149FF8731F362BBC000A5D96 /* Release */,
			);
			defaultConfigurationIsVisible = 0;
			defaultConfigurationName = Release;
		};
		149FF8871F362BE4000A5D96 /* Build configuration list for PBXNativeTarget "WikiRaces (Multi-Window)" */ = {
			isa = XCConfigurationList;
			buildConfigurations = (
				149FF8881F362BE4000A5D96 /* Debug */,
				149FF8891F362BE4000A5D96 /* Release */,
			);
			defaultConfigurationIsVisible = 0;
			defaultConfigurationName = Release;
		};
		149FF8951F362BF1000A5D96 /* Build configuration list for PBXNativeTarget "WikiRacesScreenshots" */ = {
			isa = XCConfigurationList;
			buildConfigurations = (
				149FF8961F362BF1000A5D96 /* Debug */,
				149FF8971F362BF1000A5D96 /* Release */,
			);
			defaultConfigurationIsVisible = 0;
			defaultConfigurationName = Release;
		};
/* End XCConfigurationList section */
	};
	rootObject = 149FF8411F362B83000A5D96 /* Project object */;
}
