// !$*UTF8*$!
{
	archiveVersion = 1;
	classes = {
	};
	objectVersion = 48;
	objects = {

/* Begin PBXBuildFile section */
		1410DB401F4F51AC00F5CAD7 /* WKRStyleScript.js in Resources */ = {isa = PBXBuildFile; fileRef = 1410DB3E1F4F51AC00F5CAD7 /* WKRStyleScript.js */; };
		1410DB411F4F51AC00F5CAD7 /* WKRCleanScript.js in Resources */ = {isa = PBXBuildFile; fileRef = 1410DB3F1F4F51AC00F5CAD7 /* WKRCleanScript.js */; };
		1413AB1E1F364F2400873ACA /* WKRUIKit.h in Headers */ = {isa = PBXBuildFile; fileRef = 1413AB1D1F364F2000873ACA /* WKRUIKit.h */; settings = {ATTRIBUTES = (Public, ); }; };
		1413AB201F364FBA00873ACA /* WKRUIThinLineView.swift in Sources */ = {isa = PBXBuildFile; fileRef = 149FF8AD1F362D16000A5D96 /* WKRUIThinLineView.swift */; };
		1413AB211F364FBD00873ACA /* WKRUIBottomOverlayView.swift in Sources */ = {isa = PBXBuildFile; fileRef = 149FF89E1F362C05000A5D96 /* WKRUIBottomOverlayView.swift */; };
		1413AB221F364FC100873ACA /* WKRUIAlertView.swift in Sources */ = {isa = PBXBuildFile; fileRef = 149FF89C1F362C05000A5D96 /* WKRUIAlertView.swift */; };
		1413AB231F364FD800873ACA /* WKRUIKitConstants.swift in Sources */ = {isa = PBXBuildFile; fileRef = 149FF89D1F362C05000A5D96 /* WKRUIKitConstants.swift */; };
		1413AB241F364FE400873ACA /* WKRUIButton.swift in Sources */ = {isa = PBXBuildFile; fileRef = 149FF8B31F362F21000A5D96 /* WKRUIButton.swift */; };
		1413AB251F364FE400873ACA /* WKRUIButtonStyle.swift in Sources */ = {isa = PBXBuildFile; fileRef = 149FF8B11F362D7A000A5D96 /* WKRUIButtonStyle.swift */; };
		1413AB261F364FE400873ACA /* WKRUICenteredTableView.swift in Sources */ = {isa = PBXBuildFile; fileRef = 149FF89A1F362C05000A5D96 /* WKRUICenteredTableView.swift */; };
		1413AB271F364FE400873ACA /* WKRUILabel.swift in Sources */ = {isa = PBXBuildFile; fileRef = 14FC668B1F3631F5001868C4 /* WKRUILabel.swift */; };
		1413AB2A1F364FF100873ACA /* WKRUIProgressView.swift in Sources */ = {isa = PBXBuildFile; fileRef = 149FF89B1F362C05000A5D96 /* WKRUIProgressView.swift */; };
		1413AB2C1F36500400873ACA /* WKRUIWebView.swift in Sources */ = {isa = PBXBuildFile; fileRef = 1413AB2B1F36500400873ACA /* WKRUIWebView.swift */; };
		142F7168210D034300C66558 /* WKRContentBlocker.json in Resources */ = {isa = PBXBuildFile; fileRef = 142F7167210D034300C66558 /* WKRContentBlocker.json */; };
		145D3D702109937200115B62 /* WKRStyleScript-Dark.js in Resources */ = {isa = PBXBuildFile; fileRef = 145D3D6F2109937200115B62 /* WKRStyleScript-Dark.js */; };
		145E903D1F79F80A00D31554 /* WKRUIConstants.plist in Resources */ = {isa = PBXBuildFile; fileRef = 145E903C1F79F80A00D31554 /* WKRUIConstants.plist */; };
		149FF8AC1F362CF6000A5D96 /* WKRUIKit+Colors.swift in Sources */ = {isa = PBXBuildFile; fileRef = 149FF8AB1F362CF6000A5D96 /* WKRUIKit+Colors.swift */; };
		14A3D4A21F3634110038388F /* AppDelegate.swift in Sources */ = {isa = PBXBuildFile; fileRef = 14A3D4A11F3634110038388F /* AppDelegate.swift */; };
		14A3D4A41F3634110038388F /* ViewController.swift in Sources */ = {isa = PBXBuildFile; fileRef = 14A3D4A31F3634110038388F /* ViewController.swift */; };
		14A3D4A71F3634110038388F /* Main.storyboard in Resources */ = {isa = PBXBuildFile; fileRef = 14A3D4A51F3634110038388F /* Main.storyboard */; };
		14A3D4A91F3634110038388F /* Assets.xcassets in Resources */ = {isa = PBXBuildFile; fileRef = 14A3D4A81F3634110038388F /* Assets.xcassets */; };
		14A3D4AC1F3634110038388F /* LaunchScreen.storyboard in Resources */ = {isa = PBXBuildFile; fileRef = 14A3D4AA1F3634110038388F /* LaunchScreen.storyboard */; };
		14A3D4B11F36342A0038388F /* WKRUIKit.framework in Frameworks */ = {isa = PBXBuildFile; fileRef = 149FF7F31F362B0D000A5D96 /* WKRUIKit.framework */; };
		14A3D4B21F36342A0038388F /* WKRUIKit.framework in Embed Frameworks */ = {isa = PBXBuildFile; fileRef = 149FF7F31F362B0D000A5D96 /* WKRUIKit.framework */; settings = {ATTRIBUTES = (CodeSignOnCopy, RemoveHeadersOnCopy, ); }; };
		14EB9F6E1F36838B00FF1A9E /* WKRUIKit+Scripts.swift in Sources */ = {isa = PBXBuildFile; fileRef = 14EB9F6D1F36838B00FF1A9E /* WKRUIKit+Scripts.swift */; };
		14FC66871F362FD4001868C4 /* WKRUIKit+Fonts.swift in Sources */ = {isa = PBXBuildFile; fileRef = 14FC66861F362FD4001868C4 /* WKRUIKit+Fonts.swift */; };
/* End PBXBuildFile section */

/* Begin PBXContainerItemProxy section */
		14A3D4B31F36342A0038388F /* PBXContainerItemProxy */ = {
			isa = PBXContainerItemProxy;
			containerPortal = 149FF7EA1F362B0D000A5D96 /* Project object */;
			proxyType = 1;
			remoteGlobalIDString = 149FF7F21F362B0D000A5D96;
			remoteInfo = WKRUIKit;
		};
/* End PBXContainerItemProxy section */

/* Begin PBXCopyFilesBuildPhase section */
		14A3D4B51F36342A0038388F /* Embed Frameworks */ = {
			isa = PBXCopyFilesBuildPhase;
			buildActionMask = 2147483647;
			dstPath = "";
			dstSubfolderSpec = 10;
			files = (
				14A3D4B21F36342A0038388F /* WKRUIKit.framework in Embed Frameworks */,
			);
			name = "Embed Frameworks";
			runOnlyForDeploymentPostprocessing = 0;
		};
/* End PBXCopyFilesBuildPhase section */

/* Begin PBXFileReference section */
		1410DB3E1F4F51AC00F5CAD7 /* WKRStyleScript.js */ = {isa = PBXFileReference; lastKnownFileType = sourcecode.javascript; path = WKRStyleScript.js; sourceTree = "<group>"; };
		1410DB3F1F4F51AC00F5CAD7 /* WKRCleanScript.js */ = {isa = PBXFileReference; lastKnownFileType = sourcecode.javascript; path = WKRCleanScript.js; sourceTree = "<group>"; };
		1413AB1D1F364F2000873ACA /* WKRUIKit.h */ = {isa = PBXFileReference; lastKnownFileType = sourcecode.c.h; path = WKRUIKit.h; sourceTree = "<group>"; };
		1413AB2B1F36500400873ACA /* WKRUIWebView.swift */ = {isa = PBXFileReference; lastKnownFileType = sourcecode.swift; path = WKRUIWebView.swift; sourceTree = "<group>"; };
		142F7167210D034300C66558 /* WKRContentBlocker.json */ = {isa = PBXFileReference; fileEncoding = 4; lastKnownFileType = text.json; path = WKRContentBlocker.json; sourceTree = "<group>"; };
		145D3D6F2109937200115B62 /* WKRStyleScript-Dark.js */ = {isa = PBXFileReference; lastKnownFileType = sourcecode.javascript; path = "WKRStyleScript-Dark.js"; sourceTree = "<group>"; };
		145E903C1F79F80A00D31554 /* WKRUIConstants.plist */ = {isa = PBXFileReference; lastKnownFileType = text.plist.xml; path = WKRUIConstants.plist; sourceTree = "<group>"; };
		149FF7F31F362B0D000A5D96 /* WKRUIKit.framework */ = {isa = PBXFileReference; explicitFileType = wrapper.framework; includeInIndex = 0; path = WKRUIKit.framework; sourceTree = BUILT_PRODUCTS_DIR; };
		149FF7F71F362B0D000A5D96 /* Info.plist */ = {isa = PBXFileReference; lastKnownFileType = text.plist.xml; path = Info.plist; sourceTree = "<group>"; };
		149FF89A1F362C05000A5D96 /* WKRUICenteredTableView.swift */ = {isa = PBXFileReference; lastKnownFileType = sourcecode.swift; path = WKRUICenteredTableView.swift; sourceTree = "<group>"; };
		149FF89B1F362C05000A5D96 /* WKRUIProgressView.swift */ = {isa = PBXFileReference; lastKnownFileType = sourcecode.swift; path = WKRUIProgressView.swift; sourceTree = "<group>"; };
		149FF89C1F362C05000A5D96 /* WKRUIAlertView.swift */ = {isa = PBXFileReference; lastKnownFileType = sourcecode.swift; path = WKRUIAlertView.swift; sourceTree = "<group>"; };
		149FF89D1F362C05000A5D96 /* WKRUIKitConstants.swift */ = {isa = PBXFileReference; lastKnownFileType = sourcecode.swift; path = WKRUIKitConstants.swift; sourceTree = "<group>"; };
		149FF89E1F362C05000A5D96 /* WKRUIBottomOverlayView.swift */ = {isa = PBXFileReference; lastKnownFileType = sourcecode.swift; path = WKRUIBottomOverlayView.swift; sourceTree = "<group>"; };
		149FF8AB1F362CF6000A5D96 /* WKRUIKit+Colors.swift */ = {isa = PBXFileReference; lastKnownFileType = sourcecode.swift; path = "WKRUIKit+Colors.swift"; sourceTree = "<group>"; };
		149FF8AD1F362D16000A5D96 /* WKRUIThinLineView.swift */ = {isa = PBXFileReference; lastKnownFileType = sourcecode.swift; path = WKRUIThinLineView.swift; sourceTree = "<group>"; };
		149FF8B11F362D7A000A5D96 /* WKRUIButtonStyle.swift */ = {isa = PBXFileReference; lastKnownFileType = sourcecode.swift; path = WKRUIButtonStyle.swift; sourceTree = "<group>"; };
		149FF8B31F362F21000A5D96 /* WKRUIButton.swift */ = {isa = PBXFileReference; lastKnownFileType = sourcecode.swift; path = WKRUIButton.swift; sourceTree = "<group>"; };
		14A3D49F1F3634110038388F /* WKRUIKit (UI Catalog).app */ = {isa = PBXFileReference; explicitFileType = wrapper.application; includeInIndex = 0; path = "WKRUIKit (UI Catalog).app"; sourceTree = BUILT_PRODUCTS_DIR; };
		14A3D4A11F3634110038388F /* AppDelegate.swift */ = {isa = PBXFileReference; lastKnownFileType = sourcecode.swift; path = AppDelegate.swift; sourceTree = "<group>"; };
		14A3D4A31F3634110038388F /* ViewController.swift */ = {isa = PBXFileReference; lastKnownFileType = sourcecode.swift; path = ViewController.swift; sourceTree = "<group>"; };
		14A3D4A61F3634110038388F /* Base */ = {isa = PBXFileReference; lastKnownFileType = file.storyboard; name = Base; path = Base.lproj/Main.storyboard; sourceTree = "<group>"; };
		14A3D4A81F3634110038388F /* Assets.xcassets */ = {isa = PBXFileReference; lastKnownFileType = folder.assetcatalog; path = Assets.xcassets; sourceTree = "<group>"; };
		14A3D4AB1F3634110038388F /* Base */ = {isa = PBXFileReference; lastKnownFileType = file.storyboard; name = Base; path = Base.lproj/LaunchScreen.storyboard; sourceTree = "<group>"; };
		14A3D4AD1F3634110038388F /* Info.plist */ = {isa = PBXFileReference; lastKnownFileType = text.plist.xml; path = Info.plist; sourceTree = "<group>"; };
		14EB9F6D1F36838B00FF1A9E /* WKRUIKit+Scripts.swift */ = {isa = PBXFileReference; lastKnownFileType = sourcecode.swift; path = "WKRUIKit+Scripts.swift"; sourceTree = "<group>"; };
		14FC66861F362FD4001868C4 /* WKRUIKit+Fonts.swift */ = {isa = PBXFileReference; lastKnownFileType = sourcecode.swift; path = "WKRUIKit+Fonts.swift"; sourceTree = "<group>"; };
		14FC668B1F3631F5001868C4 /* WKRUILabel.swift */ = {isa = PBXFileReference; lastKnownFileType = sourcecode.swift; path = WKRUILabel.swift; sourceTree = "<group>"; };
/* End PBXFileReference section */

/* Begin PBXFrameworksBuildPhase section */
		149FF7EF1F362B0D000A5D96 /* Frameworks */ = {
			isa = PBXFrameworksBuildPhase;
			buildActionMask = 2147483647;
			files = (
			);
			runOnlyForDeploymentPostprocessing = 0;
		};
		14A3D49C1F3634110038388F /* Frameworks */ = {
			isa = PBXFrameworksBuildPhase;
			buildActionMask = 2147483647;
			files = (
				14A3D4B11F36342A0038388F /* WKRUIKit.framework in Frameworks */,
			);
			runOnlyForDeploymentPostprocessing = 0;
		};
/* End PBXFrameworksBuildPhase section */

/* Begin PBXGroup section */
		140192231F7C6BBC00E67857 /* Constants */ = {
			isa = PBXGroup;
			children = (
				145E903C1F79F80A00D31554 /* WKRUIConstants.plist */,
				149FF89D1F362C05000A5D96 /* WKRUIKitConstants.swift */,
			);
			path = Constants;
			sourceTree = "<group>";
		};
		1410DB421F4F51B200F5CAD7 /* Web View */ = {
			isa = PBXGroup;
			children = (
				1413AB2B1F36500400873ACA /* WKRUIWebView.swift */,
				1410DB3E1F4F51AC00F5CAD7 /* WKRStyleScript.js */,
				145D3D6F2109937200115B62 /* WKRStyleScript-Dark.js */,
				1410DB3F1F4F51AC00F5CAD7 /* WKRCleanScript.js */,
				142F7167210D034300C66558 /* WKRContentBlocker.json */,
			);
			path = "Web View";
			sourceTree = "<group>";
		};
		149FF7E91F362B0D000A5D96 = {
			isa = PBXGroup;
			children = (
				149FF7F51F362B0D000A5D96 /* WKRUIKit */,
				14A3D4A01F3634110038388F /* WKRUIKit (UI Catalog) */,
				149FF7F41F362B0D000A5D96 /* Products */,
			);
			sourceTree = "<group>";
		};
		149FF7F41F362B0D000A5D96 /* Products */ = {
			isa = PBXGroup;
			children = (
				149FF7F31F362B0D000A5D96 /* WKRUIKit.framework */,
				14A3D49F1F3634110038388F /* WKRUIKit (UI Catalog).app */,
			);
			name = Products;
			sourceTree = "<group>";
		};
		149FF7F51F362B0D000A5D96 /* WKRUIKit */ = {
			isa = PBXGroup;
			children = (
				1413AB1D1F364F2000873ACA /* WKRUIKit.h */,
				140192231F7C6BBC00E67857 /* Constants */,
				14A3D4B61F3634960038388F /* Elements */,
				14A3D4B71F3634A20038388F /* Extensions */,
				14A3D4B81F3634DF0038388F /* Views */,
				149FF7F71F362B0D000A5D96 /* Info.plist */,
			);
			path = WKRUIKit;
			sourceTree = "<group>";
		};
		14A3D4A01F3634110038388F /* WKRUIKit (UI Catalog) */ = {
			isa = PBXGroup;
			children = (
				14A3D4A11F3634110038388F /* AppDelegate.swift */,
				14A3D4A31F3634110038388F /* ViewController.swift */,
				14A3D4A51F3634110038388F /* Main.storyboard */,
				14A3D4A81F3634110038388F /* Assets.xcassets */,
				14A3D4AA1F3634110038388F /* LaunchScreen.storyboard */,
				14A3D4AD1F3634110038388F /* Info.plist */,
			);
			path = "WKRUIKit (UI Catalog)";
			sourceTree = "<group>";
		};
		14A3D4B61F3634960038388F /* Elements */ = {
			isa = PBXGroup;
			children = (
				149FF8B31F362F21000A5D96 /* WKRUIButton.swift */,
				149FF8B11F362D7A000A5D96 /* WKRUIButtonStyle.swift */,
				149FF89A1F362C05000A5D96 /* WKRUICenteredTableView.swift */,
				14FC668B1F3631F5001868C4 /* WKRUILabel.swift */,
				149FF89B1F362C05000A5D96 /* WKRUIProgressView.swift */,
			);
			path = Elements;
			sourceTree = "<group>";
		};
		14A3D4B71F3634A20038388F /* Extensions */ = {
			isa = PBXGroup;
			children = (
				149FF8AB1F362CF6000A5D96 /* WKRUIKit+Colors.swift */,
				14FC66861F362FD4001868C4 /* WKRUIKit+Fonts.swift */,
				14EB9F6D1F36838B00FF1A9E /* WKRUIKit+Scripts.swift */,
			);
			path = Extensions;
			sourceTree = "<group>";
		};
		14A3D4B81F3634DF0038388F /* Views */ = {
			isa = PBXGroup;
			children = (
				149FF89C1F362C05000A5D96 /* WKRUIAlertView.swift */,
				149FF89E1F362C05000A5D96 /* WKRUIBottomOverlayView.swift */,
				149FF8AD1F362D16000A5D96 /* WKRUIThinLineView.swift */,
				1410DB421F4F51B200F5CAD7 /* Web View */,
			);
			path = Views;
			sourceTree = "<group>";
		};
/* End PBXGroup section */

/* Begin PBXHeadersBuildPhase section */
		149FF7F01F362B0D000A5D96 /* Headers */ = {
			isa = PBXHeadersBuildPhase;
			buildActionMask = 2147483647;
			files = (
				1413AB1E1F364F2400873ACA /* WKRUIKit.h in Headers */,
			);
			runOnlyForDeploymentPostprocessing = 0;
		};
/* End PBXHeadersBuildPhase section */

/* Begin PBXNativeTarget section */
		149FF7F21F362B0D000A5D96 /* WKRUIKit */ = {
			isa = PBXNativeTarget;
			buildConfigurationList = 149FF7FB1F362B0D000A5D96 /* Build configuration list for PBXNativeTarget "WKRUIKit" */;
			buildPhases = (
				149FDED11F4F49A9003A71D0 /* Build Number */,
				149FF7EE1F362B0D000A5D96 /* Sources */,
				149FF7EF1F362B0D000A5D96 /* Frameworks */,
				149FF7F01F362B0D000A5D96 /* Headers */,
				149FF7F11F362B0D000A5D96 /* Resources */,
			);
			buildRules = (
			);
			dependencies = (
			);
			name = WKRUIKit;
			productName = WKRUIKit;
			productReference = 149FF7F31F362B0D000A5D96 /* WKRUIKit.framework */;
			productType = "com.apple.product-type.framework";
		};
		14A3D49E1F3634110038388F /* WKRUIKit (UI Catalog) */ = {
			isa = PBXNativeTarget;
			buildConfigurationList = 14A3D4AE1F3634110038388F /* Build configuration list for PBXNativeTarget "WKRUIKit (UI Catalog)" */;
			buildPhases = (
				149FDECF1F4F499E003A71D0 /* Build Number */,
				14A3D49B1F3634110038388F /* Sources */,
				14A3D49C1F3634110038388F /* Frameworks */,
				14A3D49D1F3634110038388F /* Resources */,
				14A3D4B51F36342A0038388F /* Embed Frameworks */,
				14A4F9E52123CD1500EF5C67 /* Swiftlint */,
			);
			buildRules = (
			);
			dependencies = (
				14A3D4B41F36342A0038388F /* PBXTargetDependency */,
			);
			name = "WKRUIKit (UI Catalog)";
			productName = "WKRUIKit (UI Catalog)";
			productReference = 14A3D49F1F3634110038388F /* WKRUIKit (UI Catalog).app */;
			productType = "com.apple.product-type.application";
		};
/* End PBXNativeTarget section */

/* Begin PBXProject section */
		149FF7EA1F362B0D000A5D96 /* Project object */ = {
			isa = PBXProject;
			attributes = {
				LastSwiftUpdateCheck = 1000;
				LastUpgradeCheck = 1020;
				ORGANIZATIONNAME = "Andrew Finke";
				TargetAttributes = {
					149FF7F21F362B0D000A5D96 = {
						CreatedOnToolsVersion = 9.0;
						LastSwiftMigration = 1020;
						ProvisioningStyle = Manual;
					};
					14A3D49E1F3634110038388F = {
						CreatedOnToolsVersion = 9.0;
					};
				};
			};
			buildConfigurationList = 149FF7ED1F362B0D000A5D96 /* Build configuration list for PBXProject "WKRUIKit" */;
			compatibilityVersion = "Xcode 8.0";
			developmentRegion = en;
			hasScannedForEncodings = 0;
			knownRegions = (
				en,
				Base,
			);
			mainGroup = 149FF7E91F362B0D000A5D96;
			productRefGroup = 149FF7F41F362B0D000A5D96 /* Products */;
			projectDirPath = "";
			projectRoot = "";
			targets = (
				149FF7F21F362B0D000A5D96 /* WKRUIKit */,
				14A3D49E1F3634110038388F /* WKRUIKit (UI Catalog) */,
			);
		};
/* End PBXProject section */

/* Begin PBXResourcesBuildPhase section */
		149FF7F11F362B0D000A5D96 /* Resources */ = {
			isa = PBXResourcesBuildPhase;
			buildActionMask = 2147483647;
			files = (
				145D3D702109937200115B62 /* WKRStyleScript-Dark.js in Resources */,
				145E903D1F79F80A00D31554 /* WKRUIConstants.plist in Resources */,
				1410DB411F4F51AC00F5CAD7 /* WKRCleanScript.js in Resources */,
				1410DB401F4F51AC00F5CAD7 /* WKRStyleScript.js in Resources */,
				142F7168210D034300C66558 /* WKRContentBlocker.json in Resources */,
			);
			runOnlyForDeploymentPostprocessing = 0;
		};
		14A3D49D1F3634110038388F /* Resources */ = {
			isa = PBXResourcesBuildPhase;
			buildActionMask = 2147483647;
			files = (
				14A3D4AC1F3634110038388F /* LaunchScreen.storyboard in Resources */,
				14A3D4A91F3634110038388F /* Assets.xcassets in Resources */,
				14A3D4A71F3634110038388F /* Main.storyboard in Resources */,
			);
			runOnlyForDeploymentPostprocessing = 0;
		};
/* End PBXResourcesBuildPhase section */

/* Begin PBXShellScriptBuildPhase section */
		149FDECF1F4F499E003A71D0 /* Build Number */ = {
			isa = PBXShellScriptBuildPhase;
			buildActionMask = 2147483647;
			files = (
			);
			inputPaths = (
			);
			name = "Build Number";
			outputPaths = (
			);
			runOnlyForDeploymentPostprocessing = 0;
			shellPath = /bin/sh;
			shellScript = "buildNumber=$(/usr/libexec/PlistBuddy -c \"Print CFBundleVersion\" \"${PROJECT_DIR}/${INFOPLIST_FILE}\")\nbuildNumber=$(($buildNumber + 1))\n/usr/libexec/PlistBuddy -c \"Set :CFBundleVersion $buildNumber\" \"${PROJECT_DIR}/${INFOPLIST_FILE}\"";
		};
		149FDED11F4F49A9003A71D0 /* Build Number */ = {
			isa = PBXShellScriptBuildPhase;
			buildActionMask = 2147483647;
			files = (
			);
			inputPaths = (
			);
			name = "Build Number";
			outputPaths = (
			);
			runOnlyForDeploymentPostprocessing = 0;
			shellPath = /bin/sh;
			shellScript = "buildNumber=$(/usr/libexec/PlistBuddy -c \"Print CFBundleVersion\" \"${PROJECT_DIR}/${INFOPLIST_FILE}\")\nbuildNumber=$(($buildNumber + 1))\n/usr/libexec/PlistBuddy -c \"Set :CFBundleVersion $buildNumber\" \"${PROJECT_DIR}/${INFOPLIST_FILE}\"";
		};
		14A4F9E52123CD1500EF5C67 /* Swiftlint */ = {
			isa = PBXShellScriptBuildPhase;
			buildActionMask = 2147483647;
			files = (
			);
			inputFileListPaths = (
			);
			inputPaths = (
			);
			name = Swiftlint;
			outputFileListPaths = (
			);
			outputPaths = (
			);
			runOnlyForDeploymentPostprocessing = 0;
			shellPath = /bin/sh;
			shellScript = "if which swiftlint >/dev/null; then\nswiftlint\nelse\necho \"warning: SwiftLint not installed, download from https://github.com/realm/SwiftLint\"\nfi\n";
		};
/* End PBXShellScriptBuildPhase section */

/* Begin PBXSourcesBuildPhase section */
		149FF7EE1F362B0D000A5D96 /* Sources */ = {
			isa = PBXSourcesBuildPhase;
			buildActionMask = 2147483647;
			files = (
				14EB9F6E1F36838B00FF1A9E /* WKRUIKit+Scripts.swift in Sources */,
				1413AB251F364FE400873ACA /* WKRUIButtonStyle.swift in Sources */,
				1413AB201F364FBA00873ACA /* WKRUIThinLineView.swift in Sources */,
				14FC66871F362FD4001868C4 /* WKRUIKit+Fonts.swift in Sources */,
				1413AB211F364FBD00873ACA /* WKRUIBottomOverlayView.swift in Sources */,
				1413AB2C1F36500400873ACA /* WKRUIWebView.swift in Sources */,
				1413AB231F364FD800873ACA /* WKRUIKitConstants.swift in Sources */,
				1413AB261F364FE400873ACA /* WKRUICenteredTableView.swift in Sources */,
				1413AB241F364FE400873ACA /* WKRUIButton.swift in Sources */,
				149FF8AC1F362CF6000A5D96 /* WKRUIKit+Colors.swift in Sources */,
				1413AB221F364FC100873ACA /* WKRUIAlertView.swift in Sources */,
				1413AB2A1F364FF100873ACA /* WKRUIProgressView.swift in Sources */,
				1413AB271F364FE400873ACA /* WKRUILabel.swift in Sources */,
			);
			runOnlyForDeploymentPostprocessing = 0;
		};
		14A3D49B1F3634110038388F /* Sources */ = {
			isa = PBXSourcesBuildPhase;
			buildActionMask = 2147483647;
			files = (
				14A3D4A41F3634110038388F /* ViewController.swift in Sources */,
				14A3D4A21F3634110038388F /* AppDelegate.swift in Sources */,
			);
			runOnlyForDeploymentPostprocessing = 0;
		};
/* End PBXSourcesBuildPhase section */

/* Begin PBXTargetDependency section */
		14A3D4B41F36342A0038388F /* PBXTargetDependency */ = {
			isa = PBXTargetDependency;
			target = 149FF7F21F362B0D000A5D96 /* WKRUIKit */;
			targetProxy = 14A3D4B31F36342A0038388F /* PBXContainerItemProxy */;
		};
/* End PBXTargetDependency section */

/* Begin PBXVariantGroup section */
		14A3D4A51F3634110038388F /* Main.storyboard */ = {
			isa = PBXVariantGroup;
			children = (
				14A3D4A61F3634110038388F /* Base */,
			);
			name = Main.storyboard;
			sourceTree = "<group>";
		};
		14A3D4AA1F3634110038388F /* LaunchScreen.storyboard */ = {
			isa = PBXVariantGroup;
			children = (
				14A3D4AB1F3634110038388F /* Base */,
			);
			name = LaunchScreen.storyboard;
			sourceTree = "<group>";
		};
/* End PBXVariantGroup section */

/* Begin XCBuildConfiguration section */
		149FF7F91F362B0D000A5D96 /* Debug */ = {
			isa = XCBuildConfiguration;
			buildSettings = {
				ALWAYS_SEARCH_USER_PATHS = NO;
				CLANG_ANALYZER_NONNULL = YES;
				CLANG_ANALYZER_NUMBER_OBJECT_CONVERSION = YES_AGGRESSIVE;
				CLANG_CXX_LANGUAGE_STANDARD = "gnu++14";
				CLANG_CXX_LIBRARY = "libc++";
				CLANG_ENABLE_MODULES = YES;
				CLANG_ENABLE_OBJC_ARC = YES;
				CLANG_WARN_BLOCK_CAPTURE_AUTORELEASING = YES;
				CLANG_WARN_BOOL_CONVERSION = YES;
				CLANG_WARN_COMMA = YES;
				CLANG_WARN_CONSTANT_CONVERSION = YES;
				CLANG_WARN_DEPRECATED_OBJC_IMPLEMENTATIONS = YES;
				CLANG_WARN_DIRECT_OBJC_ISA_USAGE = YES_ERROR;
				CLANG_WARN_DOCUMENTATION_COMMENTS = YES;
				CLANG_WARN_EMPTY_BODY = YES;
				CLANG_WARN_ENUM_CONVERSION = YES;
				CLANG_WARN_INFINITE_RECURSION = YES;
				CLANG_WARN_INT_CONVERSION = YES;
				CLANG_WARN_NON_LITERAL_NULL_CONVERSION = YES;
				CLANG_WARN_OBJC_IMPLICIT_RETAIN_SELF = YES;
				CLANG_WARN_OBJC_LITERAL_CONVERSION = YES;
				CLANG_WARN_OBJC_ROOT_CLASS = YES_ERROR;
				CLANG_WARN_RANGE_LOOP_ANALYSIS = YES;
				CLANG_WARN_STRICT_PROTOTYPES = YES;
				CLANG_WARN_SUSPICIOUS_MOVE = YES;
				CLANG_WARN_UNGUARDED_AVAILABILITY = YES_AGGRESSIVE;
				CLANG_WARN_UNREACHABLE_CODE = YES;
				CLANG_WARN__DUPLICATE_METHOD_MATCH = YES;
				CODE_SIGN_IDENTITY = "iPhone Developer";
				COPY_PHASE_STRIP = NO;
				CURRENT_PROJECT_VERSION = 1;
				DEBUG_INFORMATION_FORMAT = dwarf;
				ENABLE_STRICT_OBJC_MSGSEND = YES;
				ENABLE_TESTABILITY = YES;
				GCC_C_LANGUAGE_STANDARD = gnu11;
				GCC_DYNAMIC_NO_PIC = NO;
				GCC_NO_COMMON_BLOCKS = YES;
				GCC_OPTIMIZATION_LEVEL = 0;
				GCC_PREPROCESSOR_DEFINITIONS = (
					"DEBUG=1",
					"$(inherited)",
				);
				GCC_WARN_64_TO_32_BIT_CONVERSION = YES;
				GCC_WARN_ABOUT_RETURN_TYPE = YES_ERROR;
				GCC_WARN_UNDECLARED_SELECTOR = YES;
				GCC_WARN_UNINITIALIZED_AUTOS = YES_AGGRESSIVE;
				GCC_WARN_UNUSED_FUNCTION = YES;
				GCC_WARN_UNUSED_VARIABLE = YES;
				IPHONEOS_DEPLOYMENT_TARGET = 11.0;
				MTL_ENABLE_DEBUG_INFO = YES;
				ONLY_ACTIVE_ARCH = YES;
				SDKROOT = iphoneos;
				SWIFT_ACTIVE_COMPILATION_CONDITIONS = DEBUG;
				SWIFT_OPTIMIZATION_LEVEL = "-Onone";
				VERSIONING_SYSTEM = "apple-generic";
				VERSION_INFO_PREFIX = "";
			};
			name = Debug;
		};
		149FF7FA1F362B0D000A5D96 /* Release */ = {
			isa = XCBuildConfiguration;
			buildSettings = {
				ALWAYS_SEARCH_USER_PATHS = NO;
				CLANG_ANALYZER_NONNULL = YES;
				CLANG_ANALYZER_NUMBER_OBJECT_CONVERSION = YES_AGGRESSIVE;
				CLANG_CXX_LANGUAGE_STANDARD = "gnu++14";
				CLANG_CXX_LIBRARY = "libc++";
				CLANG_ENABLE_MODULES = YES;
				CLANG_ENABLE_OBJC_ARC = YES;
				CLANG_WARN_BLOCK_CAPTURE_AUTORELEASING = YES;
				CLANG_WARN_BOOL_CONVERSION = YES;
				CLANG_WARN_COMMA = YES;
				CLANG_WARN_CONSTANT_CONVERSION = YES;
				CLANG_WARN_DEPRECATED_OBJC_IMPLEMENTATIONS = YES;
				CLANG_WARN_DIRECT_OBJC_ISA_USAGE = YES_ERROR;
				CLANG_WARN_DOCUMENTATION_COMMENTS = YES;
				CLANG_WARN_EMPTY_BODY = YES;
				CLANG_WARN_ENUM_CONVERSION = YES;
				CLANG_WARN_INFINITE_RECURSION = YES;
				CLANG_WARN_INT_CONVERSION = YES;
				CLANG_WARN_NON_LITERAL_NULL_CONVERSION = YES;
				CLANG_WARN_OBJC_IMPLICIT_RETAIN_SELF = YES;
				CLANG_WARN_OBJC_LITERAL_CONVERSION = YES;
				CLANG_WARN_OBJC_ROOT_CLASS = YES_ERROR;
				CLANG_WARN_RANGE_LOOP_ANALYSIS = YES;
				CLANG_WARN_STRICT_PROTOTYPES = YES;
				CLANG_WARN_SUSPICIOUS_MOVE = YES;
				CLANG_WARN_UNGUARDED_AVAILABILITY = YES_AGGRESSIVE;
				CLANG_WARN_UNREACHABLE_CODE = YES;
				CLANG_WARN__DUPLICATE_METHOD_MATCH = YES;
				CODE_SIGN_IDENTITY = "iPhone Developer";
				COPY_PHASE_STRIP = NO;
				CURRENT_PROJECT_VERSION = 1;
				DEBUG_INFORMATION_FORMAT = "dwarf-with-dsym";
				ENABLE_NS_ASSERTIONS = NO;
				ENABLE_STRICT_OBJC_MSGSEND = YES;
				GCC_C_LANGUAGE_STANDARD = gnu11;
				GCC_NO_COMMON_BLOCKS = YES;
				GCC_WARN_64_TO_32_BIT_CONVERSION = YES;
				GCC_WARN_ABOUT_RETURN_TYPE = YES_ERROR;
				GCC_WARN_UNDECLARED_SELECTOR = YES;
				GCC_WARN_UNINITIALIZED_AUTOS = YES_AGGRESSIVE;
				GCC_WARN_UNUSED_FUNCTION = YES;
				GCC_WARN_UNUSED_VARIABLE = YES;
				IPHONEOS_DEPLOYMENT_TARGET = 11.0;
				MTL_ENABLE_DEBUG_INFO = NO;
				SDKROOT = iphoneos;
				SWIFT_OPTIMIZATION_LEVEL = "-Owholemodule";
				VALIDATE_PRODUCT = YES;
				VERSIONING_SYSTEM = "apple-generic";
				VERSION_INFO_PREFIX = "";
			};
			name = Release;
		};
		149FF7FC1F362B0D000A5D96 /* Debug */ = {
			isa = XCBuildConfiguration;
			buildSettings = {
				CLANG_ENABLE_MODULES = YES;
				CODE_SIGN_IDENTITY = "";
				"CODE_SIGN_IDENTITY[sdk=iphoneos*]" = "iPhone Developer";
				CODE_SIGN_STYLE = Manual;
				DEFINES_MODULE = YES;
				DEVELOPMENT_TEAM = 72S993BNAV;
				DYLIB_COMPATIBILITY_VERSION = 1;
				DYLIB_CURRENT_VERSION = 1;
				DYLIB_INSTALL_NAME_BASE = "@rpath";
				INFOPLIST_FILE = WKRUIKit/Info.plist;
				INSTALL_PATH = "$(LOCAL_LIBRARY_DIR)/Frameworks";
				IPHONEOS_DEPLOYMENT_TARGET = 11.0;
				LD_RUNPATH_SEARCH_PATHS = "$(inherited) @executable_path/Frameworks @loader_path/Frameworks";
				PRODUCT_BUNDLE_IDENTIFIER = com.andrewfinke.WKRUIKit;
				PRODUCT_NAME = "$(TARGET_NAME:c99extidentifier)";
				PROVISIONING_PROFILE_SPECIFIER = "";
				SKIP_INSTALL = YES;
				SWIFT_OPTIMIZATION_LEVEL = "-Onone";
				SWIFT_VERSION = 5.0;
				TARGETED_DEVICE_FAMILY = "1,2";
			};
			name = Debug;
		};
		149FF7FD1F362B0D000A5D96 /* Release */ = {
			isa = XCBuildConfiguration;
			buildSettings = {
				CLANG_ENABLE_MODULES = YES;
				CODE_SIGN_IDENTITY = "";
				"CODE_SIGN_IDENTITY[sdk=iphoneos*]" = "iPhone Developer";
				CODE_SIGN_STYLE = Manual;
				DEFINES_MODULE = YES;
				DEVELOPMENT_TEAM = 72S993BNAV;
				DYLIB_COMPATIBILITY_VERSION = 1;
				DYLIB_CURRENT_VERSION = 1;
				DYLIB_INSTALL_NAME_BASE = "@rpath";
				INFOPLIST_FILE = WKRUIKit/Info.plist;
				INSTALL_PATH = "$(LOCAL_LIBRARY_DIR)/Frameworks";
				IPHONEOS_DEPLOYMENT_TARGET = 11.0;
				LD_RUNPATH_SEARCH_PATHS = "$(inherited) @executable_path/Frameworks @loader_path/Frameworks";
				PRODUCT_BUNDLE_IDENTIFIER = com.andrewfinke.WKRUIKit;
				PRODUCT_NAME = "$(TARGET_NAME:c99extidentifier)";
				PROVISIONING_PROFILE_SPECIFIER = "";
				SKIP_INSTALL = YES;
				SWIFT_VERSION = 5.0;
				TARGETED_DEVICE_FAMILY = "1,2";
			};
			name = Release;
		};
		14A3D4AF1F3634110038388F /* Debug */ = {
			isa = XCBuildConfiguration;
			buildSettings = {
				ALWAYS_EMBED_SWIFT_STANDARD_LIBRARIES = YES;
				ASSETCATALOG_COMPILER_APPICON_NAME = AppIcon;
				DEVELOPMENT_TEAM = 72S993BNAV;
				INFOPLIST_FILE = "WKRUIKit (UI Catalog)/Info.plist";
				IPHONEOS_DEPLOYMENT_TARGET = 11.0;
				LD_RUNPATH_SEARCH_PATHS = "$(inherited) @executable_path/Frameworks";
				PRODUCT_BUNDLE_IDENTIFIER = "com.andrewfinke.WKRUIKit--UI-Catalog-";
				PRODUCT_NAME = "$(TARGET_NAME)";
				SWIFT_VERSION = 4.2;
				TARGETED_DEVICE_FAMILY = "1,2";
			};
			name = Debug;
		};
		14A3D4B01F3634110038388F /* Release */ = {
			isa = XCBuildConfiguration;
			buildSettings = {
				ALWAYS_EMBED_SWIFT_STANDARD_LIBRARIES = YES;
				ASSETCATALOG_COMPILER_APPICON_NAME = AppIcon;
				DEVELOPMENT_TEAM = 72S993BNAV;
				INFOPLIST_FILE = "WKRUIKit (UI Catalog)/Info.plist";
				IPHONEOS_DEPLOYMENT_TARGET = 11.0;
				LD_RUNPATH_SEARCH_PATHS = "$(inherited) @executable_path/Frameworks";
				PRODUCT_BUNDLE_IDENTIFIER = "com.andrewfinke.WKRUIKit--UI-Catalog-";
				PRODUCT_NAME = "$(TARGET_NAME)";
				SWIFT_VERSION = 4.2;
				TARGETED_DEVICE_FAMILY = "1,2";
			};
			name = Release;
		};
/* End XCBuildConfiguration section */

/* Begin XCConfigurationList section */
		149FF7ED1F362B0D000A5D96 /* Build configuration list for PBXProject "WKRUIKit" */ = {
			isa = XCConfigurationList;
			buildConfigurations = (
				149FF7F91F362B0D000A5D96 /* Debug */,
				149FF7FA1F362B0D000A5D96 /* Release */,
			);
			defaultConfigurationIsVisible = 0;
			defaultConfigurationName = Release;
		};
		149FF7FB1F362B0D000A5D96 /* Build configuration list for PBXNativeTarget "WKRUIKit" */ = {
			isa = XCConfigurationList;
			buildConfigurations = (
				149FF7FC1F362B0D000A5D96 /* Debug */,
				149FF7FD1F362B0D000A5D96 /* Release */,
			);
			defaultConfigurationIsVisible = 0;
			defaultConfigurationName = Release;
		};
		14A3D4AE1F3634110038388F /* Build configuration list for PBXNativeTarget "WKRUIKit (UI Catalog)" */ = {
			isa = XCConfigurationList;
			buildConfigurations = (
				14A3D4AF1F3634110038388F /* Debug */,
				14A3D4B01F3634110038388F /* Release */,
			);
			defaultConfigurationIsVisible = 0;
			defaultConfigurationName = Release;
		};
/* End XCConfigurationList section */
	};
	rootObject = 149FF7EA1F362B0D000A5D96 /* Project object */;
}
